// !$*UTF8*$!
{
	archiveVersion = 1;
	classes = {
	};
	objectVersion = 55;
	objects = {

/* Begin PBXBuildFile section */
		620DAA922781DCF4007F1B56 /* NewStationSongRating.swift in Sources */ = {isa = PBXBuildFile; fileRef = 620DAA912781DCF4007F1B56 /* NewStationSongRating.swift */; };
		620DAA9827822E08007F1B56 /* AppleMusicPlaylistArtworkView.swift in Sources */ = {isa = PBXBuildFile; fileRef = 620DAA9727822E08007F1B56 /* AppleMusicPlaylistArtworkView.swift */; };
		620DAA9A27823A91007F1B56 /* AppleMusicPlaylistBillboardView.swift in Sources */ = {isa = PBXBuildFile; fileRef = 620DAA9927823A91007F1B56 /* AppleMusicPlaylistBillboardView.swift */; };
		620DAA9C27823C3B007F1B56 /* AppleMusicPlaylistBillboard.swift in Sources */ = {isa = PBXBuildFile; fileRef = 620DAA9B27823C3B007F1B56 /* AppleMusicPlaylistBillboard.swift */; };
		62293FF227753CB700D1A63C /* TopTracks.xcdatamodeld in Sources */ = {isa = PBXBuildFile; fileRef = 62293FF027753CB700D1A63C /* TopTracks.xcdatamodeld */; };
		62293FF727756FBF00D1A63C /* StationBuildCancellation.swift in Sources */ = {isa = PBXBuildFile; fileRef = 62293FF627756FBF00D1A63C /* StationBuildCancellation.swift */; };
		623B99EB276AC4F0004C17AE /* TopTracksApp.swift in Sources */ = {isa = PBXBuildFile; fileRef = 623B99EA276AC4F0004C17AE /* TopTracksApp.swift */; };
		623B99ED276AC4F0004C17AE /* ContentView.swift in Sources */ = {isa = PBXBuildFile; fileRef = 623B99EC276AC4F0004C17AE /* ContentView.swift */; };
		623B99EF276AC4F0004C17AE /* Assets.xcassets in Resources */ = {isa = PBXBuildFile; fileRef = 623B99EE276AC4F0004C17AE /* Assets.xcassets */; };
		623B99F2276AC4F0004C17AE /* Preview Assets.xcassets in Resources */ = {isa = PBXBuildFile; fileRef = 623B99F1276AC4F0004C17AE /* Preview Assets.xcassets */; };
		623B99F4276AC4F0004C17AE /* Persistence.swift in Sources */ = {isa = PBXBuildFile; fileRef = 623B99F3276AC4F0004C17AE /* Persistence.swift */; };
		623B99FF276ACE85004C17AE /* AuthorizatonView.swift in Sources */ = {isa = PBXBuildFile; fileRef = 623B99FE276ACE85004C17AE /* AuthorizatonView.swift */; };
		623B9A01276ACEBC004C17AE /* ReconsiderAuthorizationView.swift in Sources */ = {isa = PBXBuildFile; fileRef = 623B9A00276ACEBC004C17AE /* ReconsiderAuthorizationView.swift */; };
		623B9A06276ACF4E004C17AE /* MainView.swift in Sources */ = {isa = PBXBuildFile; fileRef = 623B9A05276ACF4E004C17AE /* MainView.swift */; };
		623B9A0A276B7767004C17AE /* AppleMusicCategory.swift in Sources */ = {isa = PBXBuildFile; fileRef = 623B9A09276B7767004C17AE /* AppleMusicCategory.swift */; };
		623B9A0C276B796C004C17AE /* StationListView.swift in Sources */ = {isa = PBXBuildFile; fileRef = 623B9A0B276B796C004C17AE /* StationListView.swift */; };
		623B9A0E276B797E004C17AE /* StationBuilderView.swift in Sources */ = {isa = PBXBuildFile; fileRef = 623B9A0D276B797E004C17AE /* StationBuilderView.swift */; };
		623B9A10276B7B5F004C17AE /* StationEditorView.swift in Sources */ = {isa = PBXBuildFile; fileRef = 623B9A0F276B7B5F004C17AE /* StationEditorView.swift */; };
		625A6C1D276D28F8003A05E7 /* RotationCategory.swift in Sources */ = {isa = PBXBuildFile; fileRef = 625A6C1C276D28F8003A05E7 /* RotationCategory.swift */; };
		625A6C20276D352E003A05E7 /* ClockSegmentView.swift in Sources */ = {isa = PBXBuildFile; fileRef = 625A6C1F276D352E003A05E7 /* ClockSegmentView.swift */; };
		625A6C22276D3544003A05E7 /* ClockView.swift in Sources */ = {isa = PBXBuildFile; fileRef = 625A6C21276D3544003A05E7 /* ClockView.swift */; };
		625A6C24276D3DFD003A05E7 /* Hour.swift in Sources */ = {isa = PBXBuildFile; fileRef = 625A6C23276D3DFD003A05E7 /* Hour.swift */; };
		6269EBBF278264B7003E4468 /* NewStationTrackSelectionView.swift in Sources */ = {isa = PBXBuildFile; fileRef = 6269EBBE278264B7003E4468 /* NewStationTrackSelectionView.swift */; };
		6269EBC12782655E003E4468 /* NewStationTrackPreviewPlayerView.swift in Sources */ = {isa = PBXBuildFile; fileRef = 6269EBC02782655E003E4468 /* NewStationTrackPreviewPlayerView.swift */; };
		6269EBC527828F4A003E4468 /* NewStationTrackPreviewPlayer.swift in Sources */ = {isa = PBXBuildFile; fileRef = 6269EBC427828F4A003E4468 /* NewStationTrackPreviewPlayer.swift */; };
		6269EBC727829C6B003E4468 /* NewStationSongArtworkView.swift in Sources */ = {isa = PBXBuildFile; fileRef = 6269EBC627829C6B003E4468 /* NewStationSongArtworkView.swift */; };
		6269EBC92783300A003E4468 /* NewStationSongPausePlayView.swift in Sources */ = {isa = PBXBuildFile; fileRef = 6269EBC82783300A003E4468 /* NewStationSongPausePlayView.swift */; };
		6269EBCB27833E33003E4468 /* NewStationSongsInPlaylist.swift in Sources */ = {isa = PBXBuildFile; fileRef = 6269EBCA27833E33003E4468 /* NewStationSongsInPlaylist.swift */; };
		6269EBCD2783B19C003E4468 /* NewStationIndividualTrackView.swift in Sources */ = {isa = PBXBuildFile; fileRef = 6269EBCC2783B19C003E4468 /* NewStationIndividualTrackView.swift */; };
		6269EBCF2783D76E003E4468 /* NewStationTrackRatingView.swift in Sources */ = {isa = PBXBuildFile; fileRef = 6269EBCE2783D76E003E4468 /* NewStationTrackRatingView.swift */; };
		6269EBD127866E68003E4468 /* TopTracksStationExtension.swift in Sources */ = {isa = PBXBuildFile; fileRef = 6269EBD027866E68003E4468 /* TopTracksStationExtension.swift */; };
		6269EBD327866E8A003E4468 /* TopTracksSongExtension.swift in Sources */ = {isa = PBXBuildFile; fileRef = 6269EBD227866E8A003E4468 /* TopTracksSongExtension.swift */; };
		6269EBD527866EA1003E4468 /* TopTracksStackExtension.swift in Sources */ = {isa = PBXBuildFile; fileRef = 6269EBD427866EA1003E4468 /* TopTracksStackExtension.swift */; };
		6269EBF52789EB43003E4468 /* TopTracksStation+CoreDataClass.swift in Sources */ = {isa = PBXBuildFile; fileRef = 6269EBEF2789EB43003E4468 /* TopTracksStation+CoreDataClass.swift */; };
		6269EBF62789EB43003E4468 /* TopTracksStation+CoreDataProperties.swift in Sources */ = {isa = PBXBuildFile; fileRef = 6269EBF02789EB43003E4468 /* TopTracksStation+CoreDataProperties.swift */; };
		6269EBF72789EB43003E4468 /* TopTracksSong+CoreDataClass.swift in Sources */ = {isa = PBXBuildFile; fileRef = 6269EBF12789EB43003E4468 /* TopTracksSong+CoreDataClass.swift */; };
		6269EBF82789EB43003E4468 /* TopTracksSong+CoreDataProperties.swift in Sources */ = {isa = PBXBuildFile; fileRef = 6269EBF22789EB43003E4468 /* TopTracksSong+CoreDataProperties.swift */; };
		6269EBF92789EB43003E4468 /* TopTracksStack+CoreDataClass.swift in Sources */ = {isa = PBXBuildFile; fileRef = 6269EBF32789EB43003E4468 /* TopTracksStack+CoreDataClass.swift */; };
		6269EBFA2789EB43003E4468 /* TopTracksStack+CoreDataProperties.swift in Sources */ = {isa = PBXBuildFile; fileRef = 6269EBF42789EB43003E4468 /* TopTracksStack+CoreDataProperties.swift */; };
		6288DA9E276FA51100DC6448 /* AppleMusicPlaylistsInCategoryView.swift in Sources */ = {isa = PBXBuildFile; fileRef = 6288DA9D276FA51100DC6448 /* AppleMusicPlaylistsInCategoryView.swift */; };
		6288DAA0276FA59C00DC6448 /* AppleMusicPlaylistsInCategory.swift in Sources */ = {isa = PBXBuildFile; fileRef = 6288DA9F276FA59B00DC6448 /* AppleMusicPlaylistsInCategory.swift */; };
		6288DAA42770125A00DC6448 /* AppleMusicArtworkDisplayable.swift in Sources */ = {isa = PBXBuildFile; fileRef = 6288DAA32770125A00DC6448 /* AppleMusicArtworkDisplayable.swift */; };
		6288DAA62770137900DC6448 /* Constants.swift in Sources */ = {isa = PBXBuildFile; fileRef = 6288DAA52770137900DC6448 /* Constants.swift */; };
		6288DAA82770145B00DC6448 /* Utilities.swift in Sources */ = {isa = PBXBuildFile; fileRef = 6288DAA72770145B00DC6448 /* Utilities.swift */; };
		62A6B9CD277621EE009518C5 /* StationContructionStatus.swift in Sources */ = {isa = PBXBuildFile; fileRef = 62A6B9CC277621EE009518C5 /* StationContructionStatus.swift */; };
		62CC4F15277026FB005A60A2 /* AppleMusicSongView.swift in Sources */ = {isa = PBXBuildFile; fileRef = 62CC4F14277026FB005A60A2 /* AppleMusicSongView.swift */; };
		62E01D09277A38D90059ED3D /* InstructionView.swift in Sources */ = {isa = PBXBuildFile; fileRef = 62E01D08277A38D90059ED3D /* InstructionView.swift */; };
		62E01D0C277A4C340059ED3D /* ClockLegendView.swift in Sources */ = {isa = PBXBuildFile; fileRef = 62E01D0B277A4C340059ED3D /* ClockLegendView.swift */; };
		62E01D0F277A60D70059ED3D /* NewStationClockExplanationView.swift in Sources */ = {isa = PBXBuildFile; fileRef = 62E01D0E277A60D70059ED3D /* NewStationClockExplanationView.swift */; };
		62E01D12277A7C2F0059ED3D /* AppleMusicPlaylistFeaturedArtistView.swift in Sources */ = {isa = PBXBuildFile; fileRef = 62E01D11277A7C2F0059ED3D /* AppleMusicPlaylistFeaturedArtistView.swift */; };
		62E34669277DE82600D0EED6 /* NewStationCategorySelectionView.swift in Sources */ = {isa = PBXBuildFile; fileRef = 62E34668277DE82600D0EED6 /* NewStationCategorySelectionView.swift */; };
		62F13BE4276E26B60096FDAF /* AppleMusicCategoryView.swift in Sources */ = {isa = PBXBuildFile; fileRef = 62F13BE3276E26B60096FDAF /* AppleMusicCategoryView.swift */; };
/* End PBXBuildFile section */

/* Begin PBXFileReference section */
		620DAA912781DCF4007F1B56 /* NewStationSongRating.swift */ = {isa = PBXFileReference; lastKnownFileType = sourcecode.swift; path = NewStationSongRating.swift; sourceTree = "<group>"; };
		620DAA9727822E08007F1B56 /* AppleMusicPlaylistArtworkView.swift */ = {isa = PBXFileReference; lastKnownFileType = sourcecode.swift; path = AppleMusicPlaylistArtworkView.swift; sourceTree = "<group>"; };
		620DAA9927823A91007F1B56 /* AppleMusicPlaylistBillboardView.swift */ = {isa = PBXFileReference; lastKnownFileType = sourcecode.swift; path = AppleMusicPlaylistBillboardView.swift; sourceTree = "<group>"; };
		620DAA9B27823C3B007F1B56 /* AppleMusicPlaylistBillboard.swift */ = {isa = PBXFileReference; lastKnownFileType = sourcecode.swift; path = AppleMusicPlaylistBillboard.swift; sourceTree = "<group>"; };
		62293FF127753CB700D1A63C /* TopTracks.xcdatamodel */ = {isa = PBXFileReference; lastKnownFileType = wrapper.xcdatamodel; path = TopTracks.xcdatamodel; sourceTree = "<group>"; };
		62293FF627756FBF00D1A63C /* StationBuildCancellation.swift */ = {isa = PBXFileReference; lastKnownFileType = sourcecode.swift; path = StationBuildCancellation.swift; sourceTree = "<group>"; };
		623B99E7276AC4F0004C17AE /* TopTracks.app */ = {isa = PBXFileReference; explicitFileType = wrapper.application; includeInIndex = 0; path = TopTracks.app; sourceTree = BUILT_PRODUCTS_DIR; };
		623B99EA276AC4F0004C17AE /* TopTracksApp.swift */ = {isa = PBXFileReference; lastKnownFileType = sourcecode.swift; path = TopTracksApp.swift; sourceTree = "<group>"; };
		623B99EC276AC4F0004C17AE /* ContentView.swift */ = {isa = PBXFileReference; lastKnownFileType = sourcecode.swift; path = ContentView.swift; sourceTree = "<group>"; };
		623B99EE276AC4F0004C17AE /* Assets.xcassets */ = {isa = PBXFileReference; lastKnownFileType = folder.assetcatalog; path = Assets.xcassets; sourceTree = "<group>"; };
		623B99F1276AC4F0004C17AE /* Preview Assets.xcassets */ = {isa = PBXFileReference; lastKnownFileType = folder.assetcatalog; path = "Preview Assets.xcassets"; sourceTree = "<group>"; };
		623B99F3276AC4F0004C17AE /* Persistence.swift */ = {isa = PBXFileReference; lastKnownFileType = sourcecode.swift; path = Persistence.swift; sourceTree = "<group>"; };
		623B99FE276ACE85004C17AE /* AuthorizatonView.swift */ = {isa = PBXFileReference; lastKnownFileType = sourcecode.swift; path = AuthorizatonView.swift; sourceTree = "<group>"; };
		623B9A00276ACEBC004C17AE /* ReconsiderAuthorizationView.swift */ = {isa = PBXFileReference; lastKnownFileType = sourcecode.swift; path = ReconsiderAuthorizationView.swift; sourceTree = "<group>"; };
		623B9A05276ACF4E004C17AE /* MainView.swift */ = {isa = PBXFileReference; lastKnownFileType = sourcecode.swift; path = MainView.swift; sourceTree = "<group>"; };
		623B9A09276B7767004C17AE /* AppleMusicCategory.swift */ = {isa = PBXFileReference; lastKnownFileType = sourcecode.swift; path = AppleMusicCategory.swift; sourceTree = "<group>"; };
		623B9A0B276B796C004C17AE /* StationListView.swift */ = {isa = PBXFileReference; lastKnownFileType = sourcecode.swift; path = StationListView.swift; sourceTree = "<group>"; };
		623B9A0D276B797E004C17AE /* StationBuilderView.swift */ = {isa = PBXFileReference; lastKnownFileType = sourcecode.swift; path = StationBuilderView.swift; sourceTree = "<group>"; };
		623B9A0F276B7B5F004C17AE /* StationEditorView.swift */ = {isa = PBXFileReference; lastKnownFileType = sourcecode.swift; path = StationEditorView.swift; sourceTree = "<group>"; };
		625A6C1C276D28F8003A05E7 /* RotationCategory.swift */ = {isa = PBXFileReference; lastKnownFileType = sourcecode.swift; path = RotationCategory.swift; sourceTree = "<group>"; };
		625A6C1F276D352E003A05E7 /* ClockSegmentView.swift */ = {isa = PBXFileReference; lastKnownFileType = sourcecode.swift; path = ClockSegmentView.swift; sourceTree = "<group>"; };
		625A6C21276D3544003A05E7 /* ClockView.swift */ = {isa = PBXFileReference; lastKnownFileType = sourcecode.swift; path = ClockView.swift; sourceTree = "<group>"; };
		625A6C23276D3DFD003A05E7 /* Hour.swift */ = {isa = PBXFileReference; lastKnownFileType = sourcecode.swift; path = Hour.swift; sourceTree = "<group>"; };
		6269EBBE278264B7003E4468 /* NewStationTrackSelectionView.swift */ = {isa = PBXFileReference; lastKnownFileType = sourcecode.swift; path = NewStationTrackSelectionView.swift; sourceTree = "<group>"; };
		6269EBC02782655E003E4468 /* NewStationTrackPreviewPlayerView.swift */ = {isa = PBXFileReference; lastKnownFileType = sourcecode.swift; path = NewStationTrackPreviewPlayerView.swift; sourceTree = "<group>"; };
		6269EBC427828F4A003E4468 /* NewStationTrackPreviewPlayer.swift */ = {isa = PBXFileReference; lastKnownFileType = sourcecode.swift; path = NewStationTrackPreviewPlayer.swift; sourceTree = "<group>"; };
		6269EBC627829C6B003E4468 /* NewStationSongArtworkView.swift */ = {isa = PBXFileReference; lastKnownFileType = sourcecode.swift; path = NewStationSongArtworkView.swift; sourceTree = "<group>"; };
		6269EBC82783300A003E4468 /* NewStationSongPausePlayView.swift */ = {isa = PBXFileReference; lastKnownFileType = sourcecode.swift; path = NewStationSongPausePlayView.swift; sourceTree = "<group>"; };
		6269EBCA27833E33003E4468 /* NewStationSongsInPlaylist.swift */ = {isa = PBXFileReference; lastKnownFileType = sourcecode.swift; path = NewStationSongsInPlaylist.swift; sourceTree = "<group>"; };
		6269EBCC2783B19C003E4468 /* NewStationIndividualTrackView.swift */ = {isa = PBXFileReference; lastKnownFileType = sourcecode.swift; path = NewStationIndividualTrackView.swift; sourceTree = "<group>"; };
		6269EBCE2783D76E003E4468 /* NewStationTrackRatingView.swift */ = {isa = PBXFileReference; lastKnownFileType = sourcecode.swift; path = NewStationTrackRatingView.swift; sourceTree = "<group>"; };
		6269EBD027866E68003E4468 /* TopTracksStationExtension.swift */ = {isa = PBXFileReference; lastKnownFileType = sourcecode.swift; path = TopTracksStationExtension.swift; sourceTree = "<group>"; };
		6269EBD227866E8A003E4468 /* TopTracksSongExtension.swift */ = {isa = PBXFileReference; lastKnownFileType = sourcecode.swift; path = TopTracksSongExtension.swift; sourceTree = "<group>"; };
		6269EBD427866EA1003E4468 /* TopTracksStackExtension.swift */ = {isa = PBXFileReference; lastKnownFileType = sourcecode.swift; path = TopTracksStackExtension.swift; sourceTree = "<group>"; };
		6269EBEF2789EB43003E4468 /* TopTracksStation+CoreDataClass.swift */ = {isa = PBXFileReference; lastKnownFileType = sourcecode.swift; path = "TopTracksStation+CoreDataClass.swift"; sourceTree = "<group>"; };
		6269EBF02789EB43003E4468 /* TopTracksStation+CoreDataProperties.swift */ = {isa = PBXFileReference; lastKnownFileType = sourcecode.swift; path = "TopTracksStation+CoreDataProperties.swift"; sourceTree = "<group>"; };
		6269EBF12789EB43003E4468 /* TopTracksSong+CoreDataClass.swift */ = {isa = PBXFileReference; lastKnownFileType = sourcecode.swift; path = "TopTracksSong+CoreDataClass.swift"; sourceTree = "<group>"; };
		6269EBF22789EB43003E4468 /* TopTracksSong+CoreDataProperties.swift */ = {isa = PBXFileReference; lastKnownFileType = sourcecode.swift; path = "TopTracksSong+CoreDataProperties.swift"; sourceTree = "<group>"; };
		6269EBF32789EB43003E4468 /* TopTracksStack+CoreDataClass.swift */ = {isa = PBXFileReference; lastKnownFileType = sourcecode.swift; path = "TopTracksStack+CoreDataClass.swift"; sourceTree = "<group>"; };
		6269EBF42789EB43003E4468 /* TopTracksStack+CoreDataProperties.swift */ = {isa = PBXFileReference; lastKnownFileType = sourcecode.swift; path = "TopTracksStack+CoreDataProperties.swift"; sourceTree = "<group>"; };
		6288DA9D276FA51100DC6448 /* AppleMusicPlaylistsInCategoryView.swift */ = {isa = PBXFileReference; lastKnownFileType = sourcecode.swift; path = AppleMusicPlaylistsInCategoryView.swift; sourceTree = "<group>"; };
		6288DA9F276FA59B00DC6448 /* AppleMusicPlaylistsInCategory.swift */ = {isa = PBXFileReference; lastKnownFileType = sourcecode.swift; path = AppleMusicPlaylistsInCategory.swift; sourceTree = "<group>"; };
		6288DAA32770125A00DC6448 /* AppleMusicArtworkDisplayable.swift */ = {isa = PBXFileReference; lastKnownFileType = sourcecode.swift; path = AppleMusicArtworkDisplayable.swift; sourceTree = "<group>"; };
		6288DAA52770137900DC6448 /* Constants.swift */ = {isa = PBXFileReference; lastKnownFileType = sourcecode.swift; path = Constants.swift; sourceTree = "<group>"; };
		6288DAA72770145B00DC6448 /* Utilities.swift */ = {isa = PBXFileReference; lastKnownFileType = sourcecode.swift; path = Utilities.swift; sourceTree = "<group>"; };
		62A6B9CC277621EE009518C5 /* StationContructionStatus.swift */ = {isa = PBXFileReference; lastKnownFileType = sourcecode.swift; path = StationContructionStatus.swift; sourceTree = "<group>"; };
		62CC4F14277026FB005A60A2 /* AppleMusicSongView.swift */ = {isa = PBXFileReference; lastKnownFileType = sourcecode.swift; path = AppleMusicSongView.swift; sourceTree = "<group>"; };
		62E01D08277A38D90059ED3D /* InstructionView.swift */ = {isa = PBXFileReference; lastKnownFileType = sourcecode.swift; path = InstructionView.swift; sourceTree = "<group>"; };
		62E01D0B277A4C340059ED3D /* ClockLegendView.swift */ = {isa = PBXFileReference; lastKnownFileType = sourcecode.swift; path = ClockLegendView.swift; sourceTree = "<group>"; };
		62E01D0E277A60D70059ED3D /* NewStationClockExplanationView.swift */ = {isa = PBXFileReference; lastKnownFileType = sourcecode.swift; path = NewStationClockExplanationView.swift; sourceTree = "<group>"; };
		62E01D11277A7C2F0059ED3D /* AppleMusicPlaylistFeaturedArtistView.swift */ = {isa = PBXFileReference; lastKnownFileType = sourcecode.swift; path = AppleMusicPlaylistFeaturedArtistView.swift; sourceTree = "<group>"; };
		62E34668277DE82600D0EED6 /* NewStationCategorySelectionView.swift */ = {isa = PBXFileReference; lastKnownFileType = sourcecode.swift; path = NewStationCategorySelectionView.swift; sourceTree = "<group>"; };
		62F13BE3276E26B60096FDAF /* AppleMusicCategoryView.swift */ = {isa = PBXFileReference; lastKnownFileType = sourcecode.swift; path = AppleMusicCategoryView.swift; sourceTree = "<group>"; };
/* End PBXFileReference section */

/* Begin PBXFrameworksBuildPhase section */
		623B99E4276AC4F0004C17AE /* Frameworks */ = {
			isa = PBXFrameworksBuildPhase;
			buildActionMask = 2147483647;
			files = (
			);
			runOnlyForDeploymentPostprocessing = 0;
		};
/* End PBXFrameworksBuildPhase section */

/* Begin PBXGroup section */
		620DAA9327820979007F1B56 /* Apple Music Categories */ = {
			isa = PBXGroup;
			children = (
				62F13BE3276E26B60096FDAF /* AppleMusicCategoryView.swift */,
				623B9A09276B7767004C17AE /* AppleMusicCategory.swift */,
			);
			path = "Apple Music Categories";
			sourceTree = "<group>";
		};
		620DAA9427820BC5007F1B56 /* Apple Music Playlists */ = {
			isa = PBXGroup;
			children = (
				6288DA9D276FA51100DC6448 /* AppleMusicPlaylistsInCategoryView.swift */,
				6288DA9F276FA59B00DC6448 /* AppleMusicPlaylistsInCategory.swift */,
				620DAA9727822E08007F1B56 /* AppleMusicPlaylistArtworkView.swift */,
				62E01D11277A7C2F0059ED3D /* AppleMusicPlaylistFeaturedArtistView.swift */,
				620DAA9927823A91007F1B56 /* AppleMusicPlaylistBillboardView.swift */,
				620DAA9B27823C3B007F1B56 /* AppleMusicPlaylistBillboard.swift */,
			);
			path = "Apple Music Playlists";
			sourceTree = "<group>";
		};
		62293FF327753D2B00D1A63C /* Support */ = {
			isa = PBXGroup;
			children = (
				6288DAA32770125A00DC6448 /* AppleMusicArtworkDisplayable.swift */,
				6288DAA52770137900DC6448 /* Constants.swift */,
				6288DAA72770145B00DC6448 /* Utilities.swift */,
				62E01D08277A38D90059ED3D /* InstructionView.swift */,
				62293FF627756FBF00D1A63C /* StationBuildCancellation.swift */,
			);
			path = Support;
			sourceTree = "<group>";
		};
		623B99DE276AC4F0004C17AE = {
			isa = PBXGroup;
			children = (
				623B99E9276AC4F0004C17AE /* TopTracks */,
				623B99E8276AC4F0004C17AE /* Products */,
			);
			sourceTree = "<group>";
		};
		623B99E8276AC4F0004C17AE /* Products */ = {
			isa = PBXGroup;
			children = (
				623B99E7276AC4F0004C17AE /* TopTracks.app */,
			);
			name = Products;
			sourceTree = "<group>";
		};
		623B99E9276AC4F0004C17AE /* TopTracks */ = {
			isa = PBXGroup;
			children = (
				6269EBE22789290B003E4468 /* Model */,
				620DAA9327820979007F1B56 /* Apple Music Categories */,
				620DAA9427820BC5007F1B56 /* Apple Music Playlists */,
				6269EBBD278263CC003E4468 /* New Station Track Selection */,
				62E01D0D277A60A40059ED3D /* NewStation */,
				62293FF327753D2B00D1A63C /* Support */,
				6288DA9A276F72CF00DC6448 /* Stations */,
				623B9A02276ACEE9004C17AE /* StartUp */,
				623B99FD276ACE23004C17AE /* Authorization */,
				625A6C1E276D30FA003A05E7 /* StationBuilder */,
				625A6C1B276D264A003A05E7 /* Clock */,
				623B9A08276B7719004C17AE /* AppleMusic */,
				623B9A07276AD9D1004C17AE /* PersistenceStack */,
				623B99EC276AC4F0004C17AE /* ContentView.swift */,
				623B99EE276AC4F0004C17AE /* Assets.xcassets */,
				623B99F0276AC4F0004C17AE /* Preview Content */,
				623B9A0F276B7B5F004C17AE /* StationEditorView.swift */,
			);
			path = TopTracks;
			sourceTree = "<group>";
		};
		623B99F0276AC4F0004C17AE /* Preview Content */ = {
			isa = PBXGroup;
			children = (
				623B99F1276AC4F0004C17AE /* Preview Assets.xcassets */,
			);
			path = "Preview Content";
			sourceTree = "<group>";
		};
		623B99FD276ACE23004C17AE /* Authorization */ = {
			isa = PBXGroup;
			children = (
				623B99FE276ACE85004C17AE /* AuthorizatonView.swift */,
				623B9A00276ACEBC004C17AE /* ReconsiderAuthorizationView.swift */,
			);
			path = Authorization;
			sourceTree = "<group>";
		};
		623B9A02276ACEE9004C17AE /* StartUp */ = {
			isa = PBXGroup;
			children = (
				623B99EA276AC4F0004C17AE /* TopTracksApp.swift */,
				623B9A05276ACF4E004C17AE /* MainView.swift */,
				62A6B9CC277621EE009518C5 /* StationContructionStatus.swift */,
			);
			path = StartUp;
			sourceTree = "<group>";
		};
		623B9A07276AD9D1004C17AE /* PersistenceStack */ = {
			isa = PBXGroup;
			children = (
				623B99F3276AC4F0004C17AE /* Persistence.swift */,
			);
			path = PersistenceStack;
			sourceTree = "<group>";
		};
		623B9A08276B7719004C17AE /* AppleMusic */ = {
			isa = PBXGroup;
			children = (
				62CC4F14277026FB005A60A2 /* AppleMusicSongView.swift */,
			);
			path = AppleMusic;
			sourceTree = "<group>";
		};
		625A6C1B276D264A003A05E7 /* Clock */ = {
			isa = PBXGroup;
			children = (
				625A6C21276D3544003A05E7 /* ClockView.swift */,
				625A6C1F276D352E003A05E7 /* ClockSegmentView.swift */,
				625A6C1C276D28F8003A05E7 /* RotationCategory.swift */,
				625A6C23276D3DFD003A05E7 /* Hour.swift */,
				62E01D0B277A4C340059ED3D /* ClockLegendView.swift */,
			);
			path = Clock;
			sourceTree = "<group>";
		};
		625A6C1E276D30FA003A05E7 /* StationBuilder */ = {
			isa = PBXGroup;
			children = (
				623B9A0D276B797E004C17AE /* StationBuilderView.swift */,
			);
			path = StationBuilder;
			sourceTree = "<group>";
		};
		6269EBBD278263CC003E4468 /* New Station Track Selection */ = {
			isa = PBXGroup;
			children = (
				6269EBBE278264B7003E4468 /* NewStationTrackSelectionView.swift */,
				620DAA912781DCF4007F1B56 /* NewStationSongRating.swift */,
				6269EBC02782655E003E4468 /* NewStationTrackPreviewPlayerView.swift */,
				6269EBC427828F4A003E4468 /* NewStationTrackPreviewPlayer.swift */,
				6269EBC627829C6B003E4468 /* NewStationSongArtworkView.swift */,
				6269EBC82783300A003E4468 /* NewStationSongPausePlayView.swift */,
				6269EBCA27833E33003E4468 /* NewStationSongsInPlaylist.swift */,
				6269EBCC2783B19C003E4468 /* NewStationIndividualTrackView.swift */,
				6269EBCE2783D76E003E4468 /* NewStationTrackRatingView.swift */,
			);
			path = "New Station Track Selection";
			sourceTree = "<group>";
		};
		6269EBE22789290B003E4468 /* Model */ = {
			isa = PBXGroup;
			children = (
				62293FF027753CB700D1A63C /* TopTracks.xcdatamodeld */,
				6269EBEF2789EB43003E4468 /* TopTracksStation+CoreDataClass.swift */,
				6269EBF02789EB43003E4468 /* TopTracksStation+CoreDataProperties.swift */,
				6269EBD027866E68003E4468 /* TopTracksStationExtension.swift */,
				6269EBF32789EB43003E4468 /* TopTracksStack+CoreDataClass.swift */,
				6269EBF42789EB43003E4468 /* TopTracksStack+CoreDataProperties.swift */,
				6269EBD427866EA1003E4468 /* TopTracksStackExtension.swift */,
				6269EBF12789EB43003E4468 /* TopTracksSong+CoreDataClass.swift */,
				6269EBF22789EB43003E4468 /* TopTracksSong+CoreDataProperties.swift */,
				6269EBD227866E8A003E4468 /* TopTracksSongExtension.swift */,
			);
			path = Model;
			sourceTree = "<group>";
		};
		6288DA9A276F72CF00DC6448 /* Stations */ = {
			isa = PBXGroup;
			children = (
				623B9A0B276B796C004C17AE /* StationListView.swift */,
			);
			path = Stations;
			sourceTree = "<group>";
		};
		62E01D0D277A60A40059ED3D /* NewStation */ = {
			isa = PBXGroup;
			children = (
				62E01D0E277A60D70059ED3D /* NewStationClockExplanationView.swift */,
				62E34668277DE82600D0EED6 /* NewStationCategorySelectionView.swift */,
			);
			path = NewStation;
			sourceTree = "<group>";
		};
/* End PBXGroup section */

/* Begin PBXNativeTarget section */
		623B99E6276AC4F0004C17AE /* TopTracks */ = {
			isa = PBXNativeTarget;
			buildConfigurationList = 623B99FA276AC4F0004C17AE /* Build configuration list for PBXNativeTarget "TopTracks" */;
			buildPhases = (
				623B99E3276AC4F0004C17AE /* Sources */,
				623B99E4276AC4F0004C17AE /* Frameworks */,
				623B99E5276AC4F0004C17AE /* Resources */,
			);
			buildRules = (
			);
			dependencies = (
			);
			name = TopTracks;
			productName = TopTracks;
			productReference = 623B99E7276AC4F0004C17AE /* TopTracks.app */;
			productType = "com.apple.product-type.application";
		};
/* End PBXNativeTarget section */

/* Begin PBXProject section */
		623B99DF276AC4F0004C17AE /* Project object */ = {
			isa = PBXProject;
			attributes = {
				BuildIndependentTargetsInParallel = 1;
				LastSwiftUpdateCheck = 1320;
				LastUpgradeCheck = 1320;
				TargetAttributes = {
					623B99E6276AC4F0004C17AE = {
						CreatedOnToolsVersion = 13.2;
					};
				};
			};
			buildConfigurationList = 623B99E2276AC4F0004C17AE /* Build configuration list for PBXProject "TopTracks" */;
			compatibilityVersion = "Xcode 13.0";
			developmentRegion = en;
			hasScannedForEncodings = 0;
			knownRegions = (
				en,
				Base,
			);
			mainGroup = 623B99DE276AC4F0004C17AE;
			productRefGroup = 623B99E8276AC4F0004C17AE /* Products */;
			projectDirPath = "";
			projectRoot = "";
			targets = (
				623B99E6276AC4F0004C17AE /* TopTracks */,
			);
		};
/* End PBXProject section */

/* Begin PBXResourcesBuildPhase section */
		623B99E5276AC4F0004C17AE /* Resources */ = {
			isa = PBXResourcesBuildPhase;
			buildActionMask = 2147483647;
			files = (
				623B99F2276AC4F0004C17AE /* Preview Assets.xcassets in Resources */,
				623B99EF276AC4F0004C17AE /* Assets.xcassets in Resources */,
			);
			runOnlyForDeploymentPostprocessing = 0;
		};
/* End PBXResourcesBuildPhase section */

/* Begin PBXSourcesBuildPhase section */
		623B99E3276AC4F0004C17AE /* Sources */ = {
			isa = PBXSourcesBuildPhase;
			buildActionMask = 2147483647;
			files = (
				62E01D0F277A60D70059ED3D /* NewStationClockExplanationView.swift in Sources */,
				6269EBF72789EB43003E4468 /* TopTracksSong+CoreDataClass.swift in Sources */,
				620DAA9C27823C3B007F1B56 /* AppleMusicPlaylistBillboard.swift in Sources */,
				6269EBCD2783B19C003E4468 /* NewStationIndividualTrackView.swift in Sources */,
				623B99F4276AC4F0004C17AE /* Persistence.swift in Sources */,
				6288DAA62770137900DC6448 /* Constants.swift in Sources */,
				6269EBF52789EB43003E4468 /* TopTracksStation+CoreDataClass.swift in Sources */,
				6288DA9E276FA51100DC6448 /* AppleMusicPlaylistsInCategoryView.swift in Sources */,
				623B9A0C276B796C004C17AE /* StationListView.swift in Sources */,
				62F13BE4276E26B60096FDAF /* AppleMusicCategoryView.swift in Sources */,
				6269EBC727829C6B003E4468 /* NewStationSongArtworkView.swift in Sources */,
				623B9A06276ACF4E004C17AE /* MainView.swift in Sources */,
				623B9A10276B7B5F004C17AE /* StationEditorView.swift in Sources */,
				62E01D12277A7C2F0059ED3D /* AppleMusicPlaylistFeaturedArtistView.swift in Sources */,
				6269EBD327866E8A003E4468 /* TopTracksSongExtension.swift in Sources */,
				6269EBF62789EB43003E4468 /* TopTracksStation+CoreDataProperties.swift in Sources */,
				625A6C1D276D28F8003A05E7 /* RotationCategory.swift in Sources */,
				6269EBD527866EA1003E4468 /* TopTracksStackExtension.swift in Sources */,
				6288DAA0276FA59C00DC6448 /* AppleMusicPlaylistsInCategory.swift in Sources */,
				62E01D09277A38D90059ED3D /* InstructionView.swift in Sources */,
				620DAA9827822E08007F1B56 /* AppleMusicPlaylistArtworkView.swift in Sources */,
				62E34669277DE82600D0EED6 /* NewStationCategorySelectionView.swift in Sources */,
				62293FF727756FBF00D1A63C /* StationBuildCancellation.swift in Sources */,
				620DAA9A27823A91007F1B56 /* AppleMusicPlaylistBillboardView.swift in Sources */,
				6269EBCB27833E33003E4468 /* NewStationSongsInPlaylist.swift in Sources */,
				625A6C24276D3DFD003A05E7 /* Hour.swift in Sources */,
				6269EBFA2789EB43003E4468 /* TopTracksStack+CoreDataProperties.swift in Sources */,
				6288DAA82770145B00DC6448 /* Utilities.swift in Sources */,
				623B99ED276AC4F0004C17AE /* ContentView.swift in Sources */,
				6269EBCF2783D76E003E4468 /* NewStationTrackRatingView.swift in Sources */,
				62E01D0C277A4C340059ED3D /* ClockLegendView.swift in Sources */,
				62CC4F15277026FB005A60A2 /* AppleMusicSongView.swift in Sources */,
				623B9A0E276B797E004C17AE /* StationBuilderView.swift in Sources */,
				6269EBBF278264B7003E4468 /* NewStationTrackSelectionView.swift in Sources */,
				6269EBC92783300A003E4468 /* NewStationSongPausePlayView.swift in Sources */,
				6269EBC527828F4A003E4468 /* NewStationTrackPreviewPlayer.swift in Sources */,
				62293FF227753CB700D1A63C /* TopTracks.xcdatamodeld in Sources */,
				6269EBC12782655E003E4468 /* NewStationTrackPreviewPlayerView.swift in Sources */,
				625A6C22276D3544003A05E7 /* ClockView.swift in Sources */,
				623B9A0A276B7767004C17AE /* AppleMusicCategory.swift in Sources */,
				62A6B9CD277621EE009518C5 /* StationContructionStatus.swift in Sources */,
				620DAA922781DCF4007F1B56 /* NewStationSongRating.swift in Sources */,
				6269EBF92789EB43003E4468 /* TopTracksStack+CoreDataClass.swift in Sources */,
				623B99EB276AC4F0004C17AE /* TopTracksApp.swift in Sources */,
				623B9A01276ACEBC004C17AE /* ReconsiderAuthorizationView.swift in Sources */,
				6288DAA42770125A00DC6448 /* AppleMusicArtworkDisplayable.swift in Sources */,
				625A6C20276D352E003A05E7 /* ClockSegmentView.swift in Sources */,
				6269EBD127866E68003E4468 /* TopTracksStationExtension.swift in Sources */,
				6269EBF82789EB43003E4468 /* TopTracksSong+CoreDataProperties.swift in Sources */,
				623B99FF276ACE85004C17AE /* AuthorizatonView.swift in Sources */,
			);
			runOnlyForDeploymentPostprocessing = 0;
		};
/* End PBXSourcesBuildPhase section */

/* Begin XCBuildConfiguration section */
		623B99F8276AC4F0004C17AE /* Debug */ = {
			isa = XCBuildConfiguration;
			buildSettings = {
				ALWAYS_SEARCH_USER_PATHS = NO;
				CLANG_ANALYZER_NONNULL = YES;
				CLANG_ANALYZER_NUMBER_OBJECT_CONVERSION = YES_AGGRESSIVE;
				CLANG_CXX_LANGUAGE_STANDARD = "gnu++17";
				CLANG_CXX_LIBRARY = "libc++";
				CLANG_ENABLE_MODULES = YES;
				CLANG_ENABLE_OBJC_ARC = YES;
				CLANG_ENABLE_OBJC_WEAK = YES;
				CLANG_WARN_BLOCK_CAPTURE_AUTORELEASING = YES;
				CLANG_WARN_BOOL_CONVERSION = YES;
				CLANG_WARN_COMMA = YES;
				CLANG_WARN_CONSTANT_CONVERSION = YES;
				CLANG_WARN_DEPRECATED_OBJC_IMPLEMENTATIONS = YES;
				CLANG_WARN_DIRECT_OBJC_ISA_USAGE = YES_ERROR;
				CLANG_WARN_DOCUMENTATION_COMMENTS = YES;
				CLANG_WARN_EMPTY_BODY = YES;
				CLANG_WARN_ENUM_CONVERSION = YES;
				CLANG_WARN_INFINITE_RECURSION = YES;
				CLANG_WARN_INT_CONVERSION = YES;
				CLANG_WARN_NON_LITERAL_NULL_CONVERSION = YES;
				CLANG_WARN_OBJC_IMPLICIT_RETAIN_SELF = YES;
				CLANG_WARN_OBJC_LITERAL_CONVERSION = YES;
				CLANG_WARN_OBJC_ROOT_CLASS = YES_ERROR;
				CLANG_WARN_QUOTED_INCLUDE_IN_FRAMEWORK_HEADER = YES;
				CLANG_WARN_RANGE_LOOP_ANALYSIS = YES;
				CLANG_WARN_STRICT_PROTOTYPES = YES;
				CLANG_WARN_SUSPICIOUS_MOVE = YES;
				CLANG_WARN_UNGUARDED_AVAILABILITY = YES_AGGRESSIVE;
				CLANG_WARN_UNREACHABLE_CODE = YES;
				CLANG_WARN__DUPLICATE_METHOD_MATCH = YES;
				COPY_PHASE_STRIP = NO;
				DEBUG_INFORMATION_FORMAT = dwarf;
				ENABLE_STRICT_OBJC_MSGSEND = YES;
				ENABLE_TESTABILITY = YES;
				GCC_C_LANGUAGE_STANDARD = gnu11;
				GCC_DYNAMIC_NO_PIC = NO;
				GCC_NO_COMMON_BLOCKS = YES;
				GCC_OPTIMIZATION_LEVEL = 0;
				GCC_PREPROCESSOR_DEFINITIONS = (
					"DEBUG=1",
					"$(inherited)",
				);
				GCC_WARN_64_TO_32_BIT_CONVERSION = YES;
				GCC_WARN_ABOUT_RETURN_TYPE = YES_ERROR;
				GCC_WARN_UNDECLARED_SELECTOR = YES;
				GCC_WARN_UNINITIALIZED_AUTOS = YES_AGGRESSIVE;
				GCC_WARN_UNUSED_FUNCTION = YES;
				GCC_WARN_UNUSED_VARIABLE = YES;
				IPHONEOS_DEPLOYMENT_TARGET = 15.2;
				MTL_ENABLE_DEBUG_INFO = INCLUDE_SOURCE;
				MTL_FAST_MATH = YES;
				ONLY_ACTIVE_ARCH = YES;
				SDKROOT = iphoneos;
				SWIFT_ACTIVE_COMPILATION_CONDITIONS = DEBUG;
				SWIFT_OPTIMIZATION_LEVEL = "-Onone";
			};
			name = Debug;
		};
		623B99F9276AC4F0004C17AE /* Release */ = {
			isa = XCBuildConfiguration;
			buildSettings = {
				ALWAYS_SEARCH_USER_PATHS = NO;
				CLANG_ANALYZER_NONNULL = YES;
				CLANG_ANALYZER_NUMBER_OBJECT_CONVERSION = YES_AGGRESSIVE;
				CLANG_CXX_LANGUAGE_STANDARD = "gnu++17";
				CLANG_CXX_LIBRARY = "libc++";
				CLANG_ENABLE_MODULES = YES;
				CLANG_ENABLE_OBJC_ARC = YES;
				CLANG_ENABLE_OBJC_WEAK = YES;
				CLANG_WARN_BLOCK_CAPTURE_AUTORELEASING = YES;
				CLANG_WARN_BOOL_CONVERSION = YES;
				CLANG_WARN_COMMA = YES;
				CLANG_WARN_CONSTANT_CONVERSION = YES;
				CLANG_WARN_DEPRECATED_OBJC_IMPLEMENTATIONS = YES;
				CLANG_WARN_DIRECT_OBJC_ISA_USAGE = YES_ERROR;
				CLANG_WARN_DOCUMENTATION_COMMENTS = YES;
				CLANG_WARN_EMPTY_BODY = YES;
				CLANG_WARN_ENUM_CONVERSION = YES;
				CLANG_WARN_INFINITE_RECURSION = YES;
				CLANG_WARN_INT_CONVERSION = YES;
				CLANG_WARN_NON_LITERAL_NULL_CONVERSION = YES;
				CLANG_WARN_OBJC_IMPLICIT_RETAIN_SELF = YES;
				CLANG_WARN_OBJC_LITERAL_CONVERSION = YES;
				CLANG_WARN_OBJC_ROOT_CLASS = YES_ERROR;
				CLANG_WARN_QUOTED_INCLUDE_IN_FRAMEWORK_HEADER = YES;
				CLANG_WARN_RANGE_LOOP_ANALYSIS = YES;
				CLANG_WARN_STRICT_PROTOTYPES = YES;
				CLANG_WARN_SUSPICIOUS_MOVE = YES;
				CLANG_WARN_UNGUARDED_AVAILABILITY = YES_AGGRESSIVE;
				CLANG_WARN_UNREACHABLE_CODE = YES;
				CLANG_WARN__DUPLICATE_METHOD_MATCH = YES;
				COPY_PHASE_STRIP = NO;
				DEBUG_INFORMATION_FORMAT = "dwarf-with-dsym";
				ENABLE_NS_ASSERTIONS = NO;
				ENABLE_STRICT_OBJC_MSGSEND = YES;
				GCC_C_LANGUAGE_STANDARD = gnu11;
				GCC_NO_COMMON_BLOCKS = YES;
				GCC_WARN_64_TO_32_BIT_CONVERSION = YES;
				GCC_WARN_ABOUT_RETURN_TYPE = YES_ERROR;
				GCC_WARN_UNDECLARED_SELECTOR = YES;
				GCC_WARN_UNINITIALIZED_AUTOS = YES_AGGRESSIVE;
				GCC_WARN_UNUSED_FUNCTION = YES;
				GCC_WARN_UNUSED_VARIABLE = YES;
				IPHONEOS_DEPLOYMENT_TARGET = 15.2;
				MTL_ENABLE_DEBUG_INFO = NO;
				MTL_FAST_MATH = YES;
				SDKROOT = iphoneos;
				SWIFT_COMPILATION_MODE = wholemodule;
				SWIFT_OPTIMIZATION_LEVEL = "-O";
				VALIDATE_PRODUCT = YES;
			};
			name = Release;
		};
		623B99FB276AC4F0004C17AE /* Debug */ = {
			isa = XCBuildConfiguration;
			buildSettings = {
				ASSETCATALOG_COMPILER_APPICON_NAME = AppIcon;
				ASSETCATALOG_COMPILER_GLOBAL_ACCENT_COLOR_NAME = AccentColor;
				CODE_SIGN_STYLE = Automatic;
				CURRENT_PROJECT_VERSION = 1;
				DEVELOPMENT_ASSET_PATHS = "\"TopTracks/Preview Content\"";
				DEVELOPMENT_TEAM = MG5SW9CY8D;
				ENABLE_PREVIEWS = YES;
				GENERATE_INFOPLIST_FILE = YES;
				INFOPLIST_KEY_LSApplicationCategoryType = "";
				INFOPLIST_KEY_NSAppleMusicUsageDescription = "TopTracks uses Music to search for and play the tunes in your custom stations.";
				INFOPLIST_KEY_UIApplicationSceneManifest_Generation = YES;
				INFOPLIST_KEY_UIApplicationSupportsIndirectInputEvents = YES;
				INFOPLIST_KEY_UILaunchScreen_Generation = YES;
				INFOPLIST_KEY_UISupportedInterfaceOrientations_iPad = "UIInterfaceOrientationPortrait UIInterfaceOrientationPortraitUpsideDown UIInterfaceOrientationLandscapeLeft UIInterfaceOrientationLandscapeRight";
				INFOPLIST_KEY_UISupportedInterfaceOrientations_iPhone = "UIInterfaceOrientationPortrait UIInterfaceOrientationLandscapeLeft UIInterfaceOrientationLandscapeRight";
				IPHONEOS_DEPLOYMENT_TARGET = 15.2;
				LD_RUNPATH_SEARCH_PATHS = (
					"$(inherited)",
					"@executable_path/Frameworks",
				);
				MARKETING_VERSION = 1.0;
				PRODUCT_BUNDLE_IDENTIFIER = com.dimsumthinking.TopTracks;
				PRODUCT_NAME = "$(TARGET_NAME)";
				SWIFT_EMIT_LOC_STRINGS = YES;
				SWIFT_VERSION = 5.0;
				TARGETED_DEVICE_FAMILY = "1,2";
			};
			name = Debug;
		};
		623B99FC276AC4F0004C17AE /* Release */ = {
			isa = XCBuildConfiguration;
			buildSettings = {
				ASSETCATALOG_COMPILER_APPICON_NAME = AppIcon;
				ASSETCATALOG_COMPILER_GLOBAL_ACCENT_COLOR_NAME = AccentColor;
				CODE_SIGN_STYLE = Automatic;
				CURRENT_PROJECT_VERSION = 1;
				DEVELOPMENT_ASSET_PATHS = "\"TopTracks/Preview Content\"";
				DEVELOPMENT_TEAM = MG5SW9CY8D;
				ENABLE_PREVIEWS = YES;
				GENERATE_INFOPLIST_FILE = YES;
				INFOPLIST_KEY_LSApplicationCategoryType = "";
				INFOPLIST_KEY_NSAppleMusicUsageDescription = "TopTracks uses Music to search for and play the tunes in your custom stations.";
				INFOPLIST_KEY_UIApplicationSceneManifest_Generation = YES;
				INFOPLIST_KEY_UIApplicationSupportsIndirectInputEvents = YES;
				INFOPLIST_KEY_UILaunchScreen_Generation = YES;
				INFOPLIST_KEY_UISupportedInterfaceOrientations_iPad = "UIInterfaceOrientationPortrait UIInterfaceOrientationPortraitUpsideDown UIInterfaceOrientationLandscapeLeft UIInterfaceOrientationLandscapeRight";
				INFOPLIST_KEY_UISupportedInterfaceOrientations_iPhone = "UIInterfaceOrientationPortrait UIInterfaceOrientationLandscapeLeft UIInterfaceOrientationLandscapeRight";
				IPHONEOS_DEPLOYMENT_TARGET = 15.2;
				LD_RUNPATH_SEARCH_PATHS = (
					"$(inherited)",
					"@executable_path/Frameworks",
				);
				MARKETING_VERSION = 1.0;
				PRODUCT_BUNDLE_IDENTIFIER = com.dimsumthinking.TopTracks;
				PRODUCT_NAME = "$(TARGET_NAME)";
				SWIFT_EMIT_LOC_STRINGS = YES;
				SWIFT_VERSION = 5.0;
				TARGETED_DEVICE_FAMILY = "1,2";
			};
			name = Release;
		};
/* End XCBuildConfiguration section */

/* Begin XCConfigurationList section */
		623B99E2276AC4F0004C17AE /* Build configuration list for PBXProject "TopTracks" */ = {
			isa = XCConfigurationList;
			buildConfigurations = (
				623B99F8276AC4F0004C17AE /* Debug */,
				623B99F9276AC4F0004C17AE /* Release */,
			);
			defaultConfigurationIsVisible = 0;
			defaultConfigurationName = Release;
		};
		623B99FA276AC4F0004C17AE /* Build configuration list for PBXNativeTarget "TopTracks" */ = {
			isa = XCConfigurationList;
			buildConfigurations = (
				623B99FB276AC4F0004C17AE /* Debug */,
				623B99FC276AC4F0004C17AE /* Release */,
			);
			defaultConfigurationIsVisible = 0;
			defaultConfigurationName = Release;
		};
/* End XCConfigurationList section */

/* Begin XCVersionGroup section */
		62293FF027753CB700D1A63C /* TopTracks.xcdatamodeld */ = {
			isa = XCVersionGroup;
			children = (
				62293FF127753CB700D1A63C /* TopTracks.xcdatamodel */,
			);
			currentVersion = 62293FF127753CB700D1A63C /* TopTracks.xcdatamodel */;
			path = TopTracks.xcdatamodeld;
			sourceTree = "<group>";
			versionGroupType = wrapper.xcdatamodel;
		};
/* End XCVersionGroup section */
	};
	rootObject = 623B99DF276AC4F0004C17AE /* Project object */;
}
