// !$*UTF8*$!
{
	archiveVersion = 1;
	classes = {
	};
	objectVersion = 55;
	objects = {

/* Begin PBXBuildFile section */
		620DAA9827822E08007F1B56 /* AppleMusicPlaylistArtworkView.swift in Sources */ = {isa = PBXBuildFile; fileRef = 620DAA9727822E08007F1B56 /* AppleMusicPlaylistArtworkView.swift */; };
		620DAA9A27823A91007F1B56 /* AppleMusicPlaylistBillboardView.swift in Sources */ = {isa = PBXBuildFile; fileRef = 620DAA9927823A91007F1B56 /* AppleMusicPlaylistBillboardView.swift */; };
		620DAA9C27823C3B007F1B56 /* AppleMusicPlaylistBillboard.swift in Sources */ = {isa = PBXBuildFile; fileRef = 620DAA9B27823C3B007F1B56 /* AppleMusicPlaylistBillboard.swift */; };
		62141FCA27F252D30055783D /* MainStationCreationView.swift in Sources */ = {isa = PBXBuildFile; fileRef = 62141FC927F252D30055783D /* MainStationCreationView.swift */; };
		62141FCC27F2543C0055783D /* StationCreationOptionView.swift in Sources */ = {isa = PBXBuildFile; fileRef = 62141FCB27F2543C0055783D /* StationCreationOptionView.swift */; };
		62141FCE27F2548B0055783D /* TopTracksStationType.swift in Sources */ = {isa = PBXBuildFile; fileRef = 62141FCD27F2548B0055783D /* TopTracksStationType.swift */; };
		62141FD227F260980055783D /* ChartTypeSelectionView.swift in Sources */ = {isa = PBXBuildFile; fileRef = 62141FD127F260980055783D /* ChartTypeSelectionView.swift */; };
		62141FD427F260D40055783D /* TopTracksChartType.swift in Sources */ = {isa = PBXBuildFile; fileRef = 62141FD327F260D40055783D /* TopTracksChartType.swift */; };
		62141FD627F263930055783D /* ChartCreationOptionView.swift in Sources */ = {isa = PBXBuildFile; fileRef = 62141FD527F263930055783D /* ChartCreationOptionView.swift */; };
		62141FD927F33A270055783D /* ChartURLs.swift in Sources */ = {isa = PBXBuildFile; fileRef = 62141FD827F33A270055783D /* ChartURLs.swift */; };
		6220ED51279F0C3500E1AA2D /* SongSelector.swift in Sources */ = {isa = PBXBuildFile; fileRef = 6220ED50279F0C3500E1AA2D /* SongSelector.swift */; };
		6220ED53279F142000E1AA2D /* TopTracksStationSongSelector.swift in Sources */ = {isa = PBXBuildFile; fileRef = 6220ED52279F142000E1AA2D /* TopTracksStationSongSelector.swift */; };
		62293FF727756FBF00D1A63C /* StationBuildCancellation.swift in Sources */ = {isa = PBXBuildFile; fileRef = 62293FF627756FBF00D1A63C /* StationBuildCancellation.swift */; };
		6230D38027BB2473007F9C85 /* ClockAndLegendView.swift in Sources */ = {isa = PBXBuildFile; fileRef = 6230D37F27BB2473007F9C85 /* ClockAndLegendView.swift */; };
		62356B4C27CA925100BD4E4C /* SettingsView.swift in Sources */ = {isa = PBXBuildFile; fileRef = 62356B4B27CA925100BD4E4C /* SettingsView.swift */; };
		623B99EB276AC4F0004C17AE /* TopTracksApp.swift in Sources */ = {isa = PBXBuildFile; fileRef = 623B99EA276AC4F0004C17AE /* TopTracksApp.swift */; };
		623B99EF276AC4F0004C17AE /* Assets.xcassets in Resources */ = {isa = PBXBuildFile; fileRef = 623B99EE276AC4F0004C17AE /* Assets.xcassets */; };
		623B99F2276AC4F0004C17AE /* Preview Assets.xcassets in Resources */ = {isa = PBXBuildFile; fileRef = 623B99F1276AC4F0004C17AE /* Preview Assets.xcassets */; };
		623B99F4276AC4F0004C17AE /* Persistence.swift in Sources */ = {isa = PBXBuildFile; fileRef = 623B99F3276AC4F0004C17AE /* Persistence.swift */; };
		623B99FF276ACE85004C17AE /* AppleMusicAuthorizatonView.swift in Sources */ = {isa = PBXBuildFile; fileRef = 623B99FE276ACE85004C17AE /* AppleMusicAuthorizatonView.swift */; };
		623B9A01276ACEBC004C17AE /* ReconsiderAppleMusicAuthorizationView.swift in Sources */ = {isa = PBXBuildFile; fileRef = 623B9A00276ACEBC004C17AE /* ReconsiderAppleMusicAuthorizationView.swift */; };
		623B9A06276ACF4E004C17AE /* MainView.swift in Sources */ = {isa = PBXBuildFile; fileRef = 623B9A05276ACF4E004C17AE /* MainView.swift */; };
		623B9A0A276B7767004C17AE /* AppleMusicCategory.swift in Sources */ = {isa = PBXBuildFile; fileRef = 623B9A09276B7767004C17AE /* AppleMusicCategory.swift */; };
		623B9A0C276B796C004C17AE /* StationListView.swift in Sources */ = {isa = PBXBuildFile; fileRef = 623B9A0B276B796C004C17AE /* StationListView.swift */; };
		623B9A0E276B797E004C17AE /* StationBuilderView.swift in Sources */ = {isa = PBXBuildFile; fileRef = 623B9A0D276B797E004C17AE /* StationBuilderView.swift */; };
		623B9A10276B7B5F004C17AE /* StationEditorView.swift in Sources */ = {isa = PBXBuildFile; fileRef = 623B9A0F276B7B5F004C17AE /* StationEditorView.swift */; };
		623CAF9E278B62B700B8FC48 /* StationView.swift in Sources */ = {isa = PBXBuildFile; fileRef = 623CAF9D278B62B700B8FC48 /* StationView.swift */; };
		623CAFA5278CFA6500B8FC48 /* CloudKit.framework in Frameworks */ = {isa = PBXBuildFile; fileRef = 623CAFA4278CFA6500B8FC48 /* CloudKit.framework */; };
		623CAFB8278F077600B8FC48 /* RotationClock.swift in Sources */ = {isa = PBXBuildFile; fileRef = 623CAFB7278F077600B8FC48 /* RotationClock.swift */; };
		6246FA2E27B1BB3B0074DD26 /* TopTracks.xcdatamodeld in Sources */ = {isa = PBXBuildFile; fileRef = 6246FA2C27B1BB3B0074DD26 /* TopTracks.xcdatamodeld */; };
		625A6C1D276D28F8003A05E7 /* RotationCategory.swift in Sources */ = {isa = PBXBuildFile; fileRef = 625A6C1C276D28F8003A05E7 /* RotationCategory.swift */; };
		625A6C20276D352E003A05E7 /* ClockSegmentView.swift in Sources */ = {isa = PBXBuildFile; fileRef = 625A6C1F276D352E003A05E7 /* ClockSegmentView.swift */; };
		625A6C22276D3544003A05E7 /* ClockView.swift in Sources */ = {isa = PBXBuildFile; fileRef = 625A6C21276D3544003A05E7 /* ClockView.swift */; };
		625A6C24276D3DFD003A05E7 /* Hour.swift in Sources */ = {isa = PBXBuildFile; fileRef = 625A6C23276D3DFD003A05E7 /* Hour.swift */; };
		62645A8027B58EA400DA06A6 /* TopTracksArchivedStation+CoreDataClass.swift in Sources */ = {isa = PBXBuildFile; fileRef = 62645A7E27B58EA400DA06A6 /* TopTracksArchivedStation+CoreDataClass.swift */; };
		62645A8127B58EA400DA06A6 /* TopTracksArchivedStation+CoreDataProperties.swift in Sources */ = {isa = PBXBuildFile; fileRef = 62645A7F27B58EA400DA06A6 /* TopTracksArchivedStation+CoreDataProperties.swift */; };
		62645A8327B8022300DA06A6 /* SystemVolumeSlider.swift in Sources */ = {isa = PBXBuildFile; fileRef = 62645A8227B8022300DA06A6 /* SystemVolumeSlider.swift */; };
		62645A8527B80A3E00DA06A6 /* SongScrubberView.swift in Sources */ = {isa = PBXBuildFile; fileRef = 62645A8427B80A3E00DA06A6 /* SongScrubberView.swift */; };
		6269EBD127866E68003E4468 /* TopTracksStationInitializers.swift in Sources */ = {isa = PBXBuildFile; fileRef = 6269EBD027866E68003E4468 /* TopTracksStationInitializers.swift */; };
		6269EBD327866E8A003E4468 /* TopTracksSongInitializers.swift in Sources */ = {isa = PBXBuildFile; fileRef = 6269EBD227866E8A003E4468 /* TopTracksSongInitializers.swift */; };
		6269EBD527866EA1003E4468 /* TopTracksStackInitializers.swift in Sources */ = {isa = PBXBuildFile; fileRef = 6269EBD427866EA1003E4468 /* TopTracksStackInitializers.swift */; };
		6269EBF52789EB43003E4468 /* TopTracksStation+CoreDataClass.swift in Sources */ = {isa = PBXBuildFile; fileRef = 6269EBEF2789EB43003E4468 /* TopTracksStation+CoreDataClass.swift */; };
		6269EBF62789EB43003E4468 /* TopTracksStation+CoreDataProperties.swift in Sources */ = {isa = PBXBuildFile; fileRef = 6269EBF02789EB43003E4468 /* TopTracksStation+CoreDataProperties.swift */; };
		6269EBF72789EB43003E4468 /* TopTracksSong+CoreDataClass.swift in Sources */ = {isa = PBXBuildFile; fileRef = 6269EBF12789EB43003E4468 /* TopTracksSong+CoreDataClass.swift */; };
		6269EBF82789EB43003E4468 /* TopTracksSong+CoreDataProperties.swift in Sources */ = {isa = PBXBuildFile; fileRef = 6269EBF22789EB43003E4468 /* TopTracksSong+CoreDataProperties.swift */; };
		6269EBF92789EB43003E4468 /* TopTracksStack+CoreDataClass.swift in Sources */ = {isa = PBXBuildFile; fileRef = 6269EBF32789EB43003E4468 /* TopTracksStack+CoreDataClass.swift */; };
		6269EBFA2789EB43003E4468 /* TopTracksStack+CoreDataProperties.swift in Sources */ = {isa = PBXBuildFile; fileRef = 6269EBF42789EB43003E4468 /* TopTracksStack+CoreDataProperties.swift */; };
		6272B82127C6994A00840198 /* CategoryRepeatView.swift in Sources */ = {isa = PBXBuildFile; fileRef = 6272B82027C6994A00840198 /* CategoryRepeatView.swift */; };
		6272B82427C6A11300840198 /* StationCreationOverview.swift in Sources */ = {isa = PBXBuildFile; fileRef = 6272B82327C6A11300840198 /* StationCreationOverview.swift */; };
		627DA81727C9312C004DFB2D /* StationCreationView.swift in Sources */ = {isa = PBXBuildFile; fileRef = 627DA81627C9312C004DFB2D /* StationCreationView.swift */; };
		627DA81B27C9375D004DFB2D /* SpiceListRefinementView.swift in Sources */ = {isa = PBXBuildFile; fileRef = 627DA81A27C9375D004DFB2D /* SpiceListRefinementView.swift */; };
		627DA81D27C9B71D004DFB2D /* StandardStackRefinementView.swift in Sources */ = {isa = PBXBuildFile; fileRef = 627DA81C27C9B71D004DFB2D /* StandardStackRefinementView.swift */; };
		6288DA9E276FA51100DC6448 /* AppleMusicPlaylistsInCategoryChooserView.swift in Sources */ = {isa = PBXBuildFile; fileRef = 6288DA9D276FA51100DC6448 /* AppleMusicPlaylistsInCategoryChooserView.swift */; };
		6288DAA0276FA59C00DC6448 /* AppleMusicPlaylistsInCategory.swift in Sources */ = {isa = PBXBuildFile; fileRef = 6288DA9F276FA59B00DC6448 /* AppleMusicPlaylistsInCategory.swift */; };
		6288DAA42770125A00DC6448 /* AppleMusicArtworkDisplayable.swift in Sources */ = {isa = PBXBuildFile; fileRef = 6288DAA32770125A00DC6448 /* AppleMusicArtworkDisplayable.swift */; };
		6288DAA62770137900DC6448 /* Constants.swift in Sources */ = {isa = PBXBuildFile; fileRef = 6288DAA52770137900DC6448 /* Constants.swift */; };
		6288DAA82770145B00DC6448 /* Utilities.swift in Sources */ = {isa = PBXBuildFile; fileRef = 6288DAA72770145B00DC6448 /* Utilities.swift */; };
		6296037927F73BCD0024CD79 /* ChartStationFiller.swift in Sources */ = {isa = PBXBuildFile; fileRef = 6296037827F73BCD0024CD79 /* ChartStationFiller.swift */; };
		6296037D27F7E91C0024CD79 /* ChartStationPreviewForPlaylist.swift in Sources */ = {isa = PBXBuildFile; fileRef = 6296037C27F7E91C0024CD79 /* ChartStationPreviewForPlaylist.swift */; };
		6296037F27F871DD0024CD79 /* SongInCategory.swift in Sources */ = {isa = PBXBuildFile; fileRef = 6296037E27F871DD0024CD79 /* SongInCategory.swift */; };
		6296038127F88E0E0024CD79 /* StationSongsPreview.swift in Sources */ = {isa = PBXBuildFile; fileRef = 6296038027F88E0E0024CD79 /* StationSongsPreview.swift */; };
		6296038327F89AD80024CD79 /* ChartStationPreviewForGenre.swift in Sources */ = {isa = PBXBuildFile; fileRef = 6296038227F89AD80024CD79 /* ChartStationPreviewForGenre.swift */; };
		6296038627F8A4470024CD79 /* StationSongPreview.swift in Sources */ = {isa = PBXBuildFile; fileRef = 6296038527F8A4470024CD79 /* StationSongPreview.swift */; };
		6296038827F8B6340024CD79 /* StationSongPreviewPlayer.swift in Sources */ = {isa = PBXBuildFile; fileRef = 6296038727F8B6340024CD79 /* StationSongPreviewPlayer.swift */; };
		62A0A7C127B93CDB00D4C067 /* StationBillboardView.swift in Sources */ = {isa = PBXBuildFile; fileRef = 62A0A7C027B93CDB00D4C067 /* StationBillboardView.swift */; };
		62A5B69327AEB32D0024D2ED /* AppleMusicSubscriptionView.swift in Sources */ = {isa = PBXBuildFile; fileRef = 62A5B69227AEB32D0024D2ED /* AppleMusicSubscriptionView.swift */; };
		62A6B9CD277621EE009518C5 /* TopTracksStatus.swift in Sources */ = {isa = PBXBuildFile; fileRef = 62A6B9CC277621EE009518C5 /* TopTracksStatus.swift */; };
		62AF079C27C6F76300A2D5D1 /* MusicTestOverview.swift in Sources */ = {isa = PBXBuildFile; fileRef = 62AF079B27C6F76300A2D5D1 /* MusicTestOverview.swift */; };
		62AF079E27C725D100A2D5D1 /* MusicTestSongs.swift in Sources */ = {isa = PBXBuildFile; fileRef = 62AF079D27C725D100A2D5D1 /* MusicTestSongs.swift */; };
		62AF07A027C7271000A2D5D1 /* MusicTestResult.swift in Sources */ = {isa = PBXBuildFile; fileRef = 62AF079F27C7271000A2D5D1 /* MusicTestResult.swift */; };
		62AF07A227C72EC500A2D5D1 /* SongArtAndInfoView.swift in Sources */ = {isa = PBXBuildFile; fileRef = 62AF07A127C72EC500A2D5D1 /* SongArtAndInfoView.swift */; };
		62AF07A427C73C0D00A2D5D1 /* MusicTestSongRatingView.swift in Sources */ = {isa = PBXBuildFile; fileRef = 62AF07A327C73C0D00A2D5D1 /* MusicTestSongRatingView.swift */; };
		62AF07A627C7C46800A2D5D1 /* MusicTestPreviewPlayer.swift in Sources */ = {isa = PBXBuildFile; fileRef = 62AF07A527C7C46800A2D5D1 /* MusicTestPreviewPlayer.swift */; };
		62BFC76B27F5EB700046A47B /* GenresListingView.swift in Sources */ = {isa = PBXBuildFile; fileRef = 62BFC76A27F5EB700046A47B /* GenresListingView.swift */; };
		62C16B7027AC3DE900DC600A /* RestrictedAppleMusicAuthorizationView.swift in Sources */ = {isa = PBXBuildFile; fileRef = 62C16B6F27AC3DE900DC600A /* RestrictedAppleMusicAuthorizationView.swift */; };
		62CA9D7D27F47D550092B3F0 /* ChartsForType.swift in Sources */ = {isa = PBXBuildFile; fileRef = 62CA9D7C27F47D550092B3F0 /* ChartsForType.swift */; };
		62CA9D7F27F4C9630092B3F0 /* ChartListingsView.swift in Sources */ = {isa = PBXBuildFile; fileRef = 62CA9D7E27F4C9630092B3F0 /* ChartListingsView.swift */; };
		62CCE1C427B01E4900A710D5 /* MusicTestView.swift in Sources */ = {isa = PBXBuildFile; fileRef = 62CCE1C327B01E4900A710D5 /* MusicTestView.swift */; };
		62E01D09277A38D90059ED3D /* InstructionView.swift in Sources */ = {isa = PBXBuildFile; fileRef = 62E01D08277A38D90059ED3D /* InstructionView.swift */; };
		62E01D0C277A4C340059ED3D /* ClockLegendView.swift in Sources */ = {isa = PBXBuildFile; fileRef = 62E01D0B277A4C340059ED3D /* ClockLegendView.swift */; };
		62E01D12277A7C2F0059ED3D /* AppleMusicPlaylistFeaturedArtistView.swift in Sources */ = {isa = PBXBuildFile; fileRef = 62E01D11277A7C2F0059ED3D /* AppleMusicPlaylistFeaturedArtistView.swift */; };
		62EE517F27C8150A00B56781 /* AdjustSongListView.swift in Sources */ = {isa = PBXBuildFile; fileRef = 62EE517E27C8150A00B56781 /* AdjustSongListView.swift */; };
		62F13BE4276E26B60096FDAF /* AppleMusicCategoryChooserView.swift in Sources */ = {isa = PBXBuildFile; fileRef = 62F13BE3276E26B60096FDAF /* AppleMusicCategoryChooserView.swift */; };
/* End PBXBuildFile section */

/* Begin PBXFileReference section */
		620DAA9727822E08007F1B56 /* AppleMusicPlaylistArtworkView.swift */ = {isa = PBXFileReference; lastKnownFileType = sourcecode.swift; path = AppleMusicPlaylistArtworkView.swift; sourceTree = "<group>"; };
		620DAA9927823A91007F1B56 /* AppleMusicPlaylistBillboardView.swift */ = {isa = PBXFileReference; lastKnownFileType = sourcecode.swift; path = AppleMusicPlaylistBillboardView.swift; sourceTree = "<group>"; };
		620DAA9B27823C3B007F1B56 /* AppleMusicPlaylistBillboard.swift */ = {isa = PBXFileReference; lastKnownFileType = sourcecode.swift; path = AppleMusicPlaylistBillboard.swift; sourceTree = "<group>"; };
		62141FC927F252D30055783D /* MainStationCreationView.swift */ = {isa = PBXFileReference; lastKnownFileType = sourcecode.swift; path = MainStationCreationView.swift; sourceTree = "<group>"; };
		62141FCB27F2543C0055783D /* StationCreationOptionView.swift */ = {isa = PBXFileReference; lastKnownFileType = sourcecode.swift; path = StationCreationOptionView.swift; sourceTree = "<group>"; };
		62141FCD27F2548B0055783D /* TopTracksStationType.swift */ = {isa = PBXFileReference; lastKnownFileType = sourcecode.swift; path = TopTracksStationType.swift; sourceTree = "<group>"; };
		62141FD127F260980055783D /* ChartTypeSelectionView.swift */ = {isa = PBXFileReference; lastKnownFileType = sourcecode.swift; path = ChartTypeSelectionView.swift; sourceTree = "<group>"; };
		62141FD327F260D40055783D /* TopTracksChartType.swift */ = {isa = PBXFileReference; lastKnownFileType = sourcecode.swift; path = TopTracksChartType.swift; sourceTree = "<group>"; };
		62141FD527F263930055783D /* ChartCreationOptionView.swift */ = {isa = PBXFileReference; lastKnownFileType = sourcecode.swift; path = ChartCreationOptionView.swift; sourceTree = "<group>"; };
		62141FD827F33A270055783D /* ChartURLs.swift */ = {isa = PBXFileReference; lastKnownFileType = sourcecode.swift; path = ChartURLs.swift; sourceTree = "<group>"; };
		6220ED50279F0C3500E1AA2D /* SongSelector.swift */ = {isa = PBXFileReference; lastKnownFileType = sourcecode.swift; path = SongSelector.swift; sourceTree = "<group>"; };
		6220ED52279F142000E1AA2D /* TopTracksStationSongSelector.swift */ = {isa = PBXFileReference; lastKnownFileType = sourcecode.swift; path = TopTracksStationSongSelector.swift; sourceTree = "<group>"; };
		62293FF627756FBF00D1A63C /* StationBuildCancellation.swift */ = {isa = PBXFileReference; lastKnownFileType = sourcecode.swift; path = StationBuildCancellation.swift; sourceTree = "<group>"; };
		6230D37F27BB2473007F9C85 /* ClockAndLegendView.swift */ = {isa = PBXFileReference; lastKnownFileType = sourcecode.swift; path = ClockAndLegendView.swift; sourceTree = "<group>"; };
		62356B4B27CA925100BD4E4C /* SettingsView.swift */ = {isa = PBXFileReference; lastKnownFileType = sourcecode.swift; path = SettingsView.swift; sourceTree = "<group>"; };
		623B99E7276AC4F0004C17AE /* TopTracks.app */ = {isa = PBXFileReference; explicitFileType = wrapper.application; includeInIndex = 0; path = TopTracks.app; sourceTree = BUILT_PRODUCTS_DIR; };
		623B99EA276AC4F0004C17AE /* TopTracksApp.swift */ = {isa = PBXFileReference; lastKnownFileType = sourcecode.swift; path = TopTracksApp.swift; sourceTree = "<group>"; };
		623B99EE276AC4F0004C17AE /* Assets.xcassets */ = {isa = PBXFileReference; lastKnownFileType = folder.assetcatalog; path = Assets.xcassets; sourceTree = "<group>"; };
		623B99F1276AC4F0004C17AE /* Preview Assets.xcassets */ = {isa = PBXFileReference; lastKnownFileType = folder.assetcatalog; path = "Preview Assets.xcassets"; sourceTree = "<group>"; };
		623B99F3276AC4F0004C17AE /* Persistence.swift */ = {isa = PBXFileReference; lastKnownFileType = sourcecode.swift; path = Persistence.swift; sourceTree = "<group>"; };
		623B99FE276ACE85004C17AE /* AppleMusicAuthorizatonView.swift */ = {isa = PBXFileReference; lastKnownFileType = sourcecode.swift; path = AppleMusicAuthorizatonView.swift; sourceTree = "<group>"; };
		623B9A00276ACEBC004C17AE /* ReconsiderAppleMusicAuthorizationView.swift */ = {isa = PBXFileReference; lastKnownFileType = sourcecode.swift; path = ReconsiderAppleMusicAuthorizationView.swift; sourceTree = "<group>"; };
		623B9A05276ACF4E004C17AE /* MainView.swift */ = {isa = PBXFileReference; lastKnownFileType = sourcecode.swift; path = MainView.swift; sourceTree = "<group>"; };
		623B9A09276B7767004C17AE /* AppleMusicCategory.swift */ = {isa = PBXFileReference; lastKnownFileType = sourcecode.swift; path = AppleMusicCategory.swift; sourceTree = "<group>"; };
		623B9A0B276B796C004C17AE /* StationListView.swift */ = {isa = PBXFileReference; lastKnownFileType = sourcecode.swift; path = StationListView.swift; sourceTree = "<group>"; };
		623B9A0D276B797E004C17AE /* StationBuilderView.swift */ = {isa = PBXFileReference; lastKnownFileType = sourcecode.swift; path = StationBuilderView.swift; sourceTree = "<group>"; };
		623B9A0F276B7B5F004C17AE /* StationEditorView.swift */ = {isa = PBXFileReference; lastKnownFileType = sourcecode.swift; path = StationEditorView.swift; sourceTree = "<group>"; };
		623CAF9D278B62B700B8FC48 /* StationView.swift */ = {isa = PBXFileReference; lastKnownFileType = sourcecode.swift; path = StationView.swift; sourceTree = "<group>"; };
		623CAF9F278C764000B8FC48 /* Info.plist */ = {isa = PBXFileReference; lastKnownFileType = text.plist; path = Info.plist; sourceTree = "<group>"; };
		623CAFA2278CF98000B8FC48 /* TopTracks.entitlements */ = {isa = PBXFileReference; lastKnownFileType = text.plist.entitlements; path = TopTracks.entitlements; sourceTree = "<group>"; };
		623CAFA4278CFA6500B8FC48 /* CloudKit.framework */ = {isa = PBXFileReference; lastKnownFileType = wrapper.framework; name = CloudKit.framework; path = System/Library/Frameworks/CloudKit.framework; sourceTree = SDKROOT; };
		623CAFB7278F077600B8FC48 /* RotationClock.swift */ = {isa = PBXFileReference; lastKnownFileType = sourcecode.swift; path = RotationClock.swift; sourceTree = "<group>"; };
		6246FA2D27B1BB3B0074DD26 /* TopTracks.xcdatamodel */ = {isa = PBXFileReference; lastKnownFileType = wrapper.xcdatamodel; path = TopTracks.xcdatamodel; sourceTree = "<group>"; };
		625A6C1C276D28F8003A05E7 /* RotationCategory.swift */ = {isa = PBXFileReference; lastKnownFileType = sourcecode.swift; path = RotationCategory.swift; sourceTree = "<group>"; };
		625A6C1F276D352E003A05E7 /* ClockSegmentView.swift */ = {isa = PBXFileReference; lastKnownFileType = sourcecode.swift; path = ClockSegmentView.swift; sourceTree = "<group>"; };
		625A6C21276D3544003A05E7 /* ClockView.swift */ = {isa = PBXFileReference; lastKnownFileType = sourcecode.swift; path = ClockView.swift; sourceTree = "<group>"; };
		625A6C23276D3DFD003A05E7 /* Hour.swift */ = {isa = PBXFileReference; lastKnownFileType = sourcecode.swift; path = Hour.swift; sourceTree = "<group>"; };
		62645A7E27B58EA400DA06A6 /* TopTracksArchivedStation+CoreDataClass.swift */ = {isa = PBXFileReference; lastKnownFileType = sourcecode.swift; path = "TopTracksArchivedStation+CoreDataClass.swift"; sourceTree = "<group>"; };
		62645A7F27B58EA400DA06A6 /* TopTracksArchivedStation+CoreDataProperties.swift */ = {isa = PBXFileReference; lastKnownFileType = sourcecode.swift; path = "TopTracksArchivedStation+CoreDataProperties.swift"; sourceTree = "<group>"; };
		62645A8227B8022300DA06A6 /* SystemVolumeSlider.swift */ = {isa = PBXFileReference; lastKnownFileType = sourcecode.swift; path = SystemVolumeSlider.swift; sourceTree = "<group>"; };
		62645A8427B80A3E00DA06A6 /* SongScrubberView.swift */ = {isa = PBXFileReference; lastKnownFileType = sourcecode.swift; path = SongScrubberView.swift; sourceTree = "<group>"; };
		6269EBD027866E68003E4468 /* TopTracksStationInitializers.swift */ = {isa = PBXFileReference; lastKnownFileType = sourcecode.swift; path = TopTracksStationInitializers.swift; sourceTree = "<group>"; };
		6269EBD227866E8A003E4468 /* TopTracksSongInitializers.swift */ = {isa = PBXFileReference; lastKnownFileType = sourcecode.swift; path = TopTracksSongInitializers.swift; sourceTree = "<group>"; };
		6269EBD427866EA1003E4468 /* TopTracksStackInitializers.swift */ = {isa = PBXFileReference; lastKnownFileType = sourcecode.swift; path = TopTracksStackInitializers.swift; sourceTree = "<group>"; };
		6269EBEF2789EB43003E4468 /* TopTracksStation+CoreDataClass.swift */ = {isa = PBXFileReference; lastKnownFileType = sourcecode.swift; path = "TopTracksStation+CoreDataClass.swift"; sourceTree = "<group>"; };
		6269EBF02789EB43003E4468 /* TopTracksStation+CoreDataProperties.swift */ = {isa = PBXFileReference; lastKnownFileType = sourcecode.swift; path = "TopTracksStation+CoreDataProperties.swift"; sourceTree = "<group>"; };
		6269EBF12789EB43003E4468 /* TopTracksSong+CoreDataClass.swift */ = {isa = PBXFileReference; lastKnownFileType = sourcecode.swift; path = "TopTracksSong+CoreDataClass.swift"; sourceTree = "<group>"; };
		6269EBF22789EB43003E4468 /* TopTracksSong+CoreDataProperties.swift */ = {isa = PBXFileReference; lastKnownFileType = sourcecode.swift; path = "TopTracksSong+CoreDataProperties.swift"; sourceTree = "<group>"; };
		6269EBF32789EB43003E4468 /* TopTracksStack+CoreDataClass.swift */ = {isa = PBXFileReference; lastKnownFileType = sourcecode.swift; path = "TopTracksStack+CoreDataClass.swift"; sourceTree = "<group>"; };
		6269EBF42789EB43003E4468 /* TopTracksStack+CoreDataProperties.swift */ = {isa = PBXFileReference; lastKnownFileType = sourcecode.swift; path = "TopTracksStack+CoreDataProperties.swift"; sourceTree = "<group>"; };
		6272B82027C6994A00840198 /* CategoryRepeatView.swift */ = {isa = PBXFileReference; lastKnownFileType = sourcecode.swift; path = CategoryRepeatView.swift; sourceTree = "<group>"; };
		6272B82327C6A11300840198 /* StationCreationOverview.swift */ = {isa = PBXFileReference; lastKnownFileType = sourcecode.swift; path = StationCreationOverview.swift; sourceTree = "<group>"; };
		627DA81627C9312C004DFB2D /* StationCreationView.swift */ = {isa = PBXFileReference; lastKnownFileType = sourcecode.swift; path = StationCreationView.swift; sourceTree = "<group>"; };
		627DA81A27C9375D004DFB2D /* SpiceListRefinementView.swift */ = {isa = PBXFileReference; lastKnownFileType = sourcecode.swift; path = SpiceListRefinementView.swift; sourceTree = "<group>"; };
		627DA81C27C9B71D004DFB2D /* StandardStackRefinementView.swift */ = {isa = PBXFileReference; lastKnownFileType = sourcecode.swift; path = StandardStackRefinementView.swift; sourceTree = "<group>"; };
		6288DA9D276FA51100DC6448 /* AppleMusicPlaylistsInCategoryChooserView.swift */ = {isa = PBXFileReference; lastKnownFileType = sourcecode.swift; path = AppleMusicPlaylistsInCategoryChooserView.swift; sourceTree = "<group>"; };
		6288DA9F276FA59B00DC6448 /* AppleMusicPlaylistsInCategory.swift */ = {isa = PBXFileReference; lastKnownFileType = sourcecode.swift; path = AppleMusicPlaylistsInCategory.swift; sourceTree = "<group>"; };
		6288DAA32770125A00DC6448 /* AppleMusicArtworkDisplayable.swift */ = {isa = PBXFileReference; lastKnownFileType = sourcecode.swift; path = AppleMusicArtworkDisplayable.swift; sourceTree = "<group>"; };
		6288DAA52770137900DC6448 /* Constants.swift */ = {isa = PBXFileReference; lastKnownFileType = sourcecode.swift; path = Constants.swift; sourceTree = "<group>"; };
		6288DAA72770145B00DC6448 /* Utilities.swift */ = {isa = PBXFileReference; lastKnownFileType = sourcecode.swift; path = Utilities.swift; sourceTree = "<group>"; };
		6296037827F73BCD0024CD79 /* ChartStationFiller.swift */ = {isa = PBXFileReference; lastKnownFileType = sourcecode.swift; path = ChartStationFiller.swift; sourceTree = "<group>"; };
		6296037C27F7E91C0024CD79 /* ChartStationPreviewForPlaylist.swift */ = {isa = PBXFileReference; lastKnownFileType = sourcecode.swift; path = ChartStationPreviewForPlaylist.swift; sourceTree = "<group>"; };
		6296037E27F871DD0024CD79 /* SongInCategory.swift */ = {isa = PBXFileReference; lastKnownFileType = sourcecode.swift; path = SongInCategory.swift; sourceTree = "<group>"; };
		6296038027F88E0E0024CD79 /* StationSongsPreview.swift */ = {isa = PBXFileReference; lastKnownFileType = sourcecode.swift; path = StationSongsPreview.swift; sourceTree = "<group>"; };
		6296038227F89AD80024CD79 /* ChartStationPreviewForGenre.swift */ = {isa = PBXFileReference; lastKnownFileType = sourcecode.swift; path = ChartStationPreviewForGenre.swift; sourceTree = "<group>"; };
		6296038527F8A4470024CD79 /* StationSongPreview.swift */ = {isa = PBXFileReference; lastKnownFileType = sourcecode.swift; path = StationSongPreview.swift; sourceTree = "<group>"; };
		6296038727F8B6340024CD79 /* StationSongPreviewPlayer.swift */ = {isa = PBXFileReference; lastKnownFileType = sourcecode.swift; path = StationSongPreviewPlayer.swift; sourceTree = "<group>"; };
		62A0A7C027B93CDB00D4C067 /* StationBillboardView.swift */ = {isa = PBXFileReference; lastKnownFileType = sourcecode.swift; path = StationBillboardView.swift; sourceTree = "<group>"; };
		62A5B69227AEB32D0024D2ED /* AppleMusicSubscriptionView.swift */ = {isa = PBXFileReference; lastKnownFileType = sourcecode.swift; path = AppleMusicSubscriptionView.swift; sourceTree = "<group>"; };
		62A6B9CC277621EE009518C5 /* TopTracksStatus.swift */ = {isa = PBXFileReference; lastKnownFileType = sourcecode.swift; path = TopTracksStatus.swift; sourceTree = "<group>"; };
		62AF079B27C6F76300A2D5D1 /* MusicTestOverview.swift */ = {isa = PBXFileReference; lastKnownFileType = sourcecode.swift; path = MusicTestOverview.swift; sourceTree = "<group>"; };
		62AF079D27C725D100A2D5D1 /* MusicTestSongs.swift */ = {isa = PBXFileReference; lastKnownFileType = sourcecode.swift; path = MusicTestSongs.swift; sourceTree = "<group>"; };
		62AF079F27C7271000A2D5D1 /* MusicTestResult.swift */ = {isa = PBXFileReference; lastKnownFileType = sourcecode.swift; path = MusicTestResult.swift; sourceTree = "<group>"; };
		62AF07A127C72EC500A2D5D1 /* SongArtAndInfoView.swift */ = {isa = PBXFileReference; lastKnownFileType = sourcecode.swift; path = SongArtAndInfoView.swift; sourceTree = "<group>"; };
		62AF07A327C73C0D00A2D5D1 /* MusicTestSongRatingView.swift */ = {isa = PBXFileReference; lastKnownFileType = sourcecode.swift; path = MusicTestSongRatingView.swift; sourceTree = "<group>"; };
		62AF07A527C7C46800A2D5D1 /* MusicTestPreviewPlayer.swift */ = {isa = PBXFileReference; lastKnownFileType = sourcecode.swift; path = MusicTestPreviewPlayer.swift; sourceTree = "<group>"; };
		62BFC76A27F5EB700046A47B /* GenresListingView.swift */ = {isa = PBXFileReference; lastKnownFileType = sourcecode.swift; path = GenresListingView.swift; sourceTree = "<group>"; };
		62C16B6F27AC3DE900DC600A /* RestrictedAppleMusicAuthorizationView.swift */ = {isa = PBXFileReference; lastKnownFileType = sourcecode.swift; path = RestrictedAppleMusicAuthorizationView.swift; sourceTree = "<group>"; };
		62CA9D7C27F47D550092B3F0 /* ChartsForType.swift */ = {isa = PBXFileReference; lastKnownFileType = sourcecode.swift; path = ChartsForType.swift; sourceTree = "<group>"; };
		62CA9D7E27F4C9630092B3F0 /* ChartListingsView.swift */ = {isa = PBXFileReference; lastKnownFileType = sourcecode.swift; path = ChartListingsView.swift; sourceTree = "<group>"; };
		62CCE1C327B01E4900A710D5 /* MusicTestView.swift */ = {isa = PBXFileReference; lastKnownFileType = sourcecode.swift; path = MusicTestView.swift; sourceTree = "<group>"; };
		62E01D08277A38D90059ED3D /* InstructionView.swift */ = {isa = PBXFileReference; lastKnownFileType = sourcecode.swift; path = InstructionView.swift; sourceTree = "<group>"; };
		62E01D0B277A4C340059ED3D /* ClockLegendView.swift */ = {isa = PBXFileReference; lastKnownFileType = sourcecode.swift; path = ClockLegendView.swift; sourceTree = "<group>"; };
		62E01D11277A7C2F0059ED3D /* AppleMusicPlaylistFeaturedArtistView.swift */ = {isa = PBXFileReference; lastKnownFileType = sourcecode.swift; path = AppleMusicPlaylistFeaturedArtistView.swift; sourceTree = "<group>"; };
		62EE517E27C8150A00B56781 /* AdjustSongListView.swift */ = {isa = PBXFileReference; lastKnownFileType = sourcecode.swift; path = AdjustSongListView.swift; sourceTree = "<group>"; };
		62F13BE3276E26B60096FDAF /* AppleMusicCategoryChooserView.swift */ = {isa = PBXFileReference; lastKnownFileType = sourcecode.swift; path = AppleMusicCategoryChooserView.swift; sourceTree = "<group>"; };
/* End PBXFileReference section */

/* Begin PBXFrameworksBuildPhase section */
		623B99E4276AC4F0004C17AE /* Frameworks */ = {
			isa = PBXFrameworksBuildPhase;
			buildActionMask = 2147483647;
			files = (
				623CAFA5278CFA6500B8FC48 /* CloudKit.framework in Frameworks */,
			);
			runOnlyForDeploymentPostprocessing = 0;
		};
/* End PBXFrameworksBuildPhase section */

/* Begin PBXGroup section */
		620DAA9427820BC5007F1B56 /* Apple Music Playlists */ = {
			isa = PBXGroup;
			children = (
				6288DA9F276FA59B00DC6448 /* AppleMusicPlaylistsInCategory.swift */,
				620DAA9727822E08007F1B56 /* AppleMusicPlaylistArtworkView.swift */,
				62E01D11277A7C2F0059ED3D /* AppleMusicPlaylistFeaturedArtistView.swift */,
				620DAA9927823A91007F1B56 /* AppleMusicPlaylistBillboardView.swift */,
				620DAA9B27823C3B007F1B56 /* AppleMusicPlaylistBillboard.swift */,
			);
			path = "Apple Music Playlists";
			sourceTree = "<group>";
		};
		62141FC427F0E8910055783D /* PreviousVersion */ = {
			isa = PBXGroup;
			children = (
				6272B82227C6A08400840198 /* Station Creation Flow */,
				625A6C1B276D264A003A05E7 /* Clocks and Rotation Categories */,
				62AF079527C6E48600A2D5D1 /* Apple Music Categories */,
				620DAA9427820BC5007F1B56 /* Apple Music Playlists */,
				62AF079827C6E94A00A2D5D1 /* Music Test */,
				62EE517D27C814C600B56781 /* Station Adjustments */,
				6269EBBD278263CC003E4468 /* New Station Track Selection */,
				62293FF327753D2B00D1A63C /* Support */,
				6288DA9A276F72CF00DC6448 /* Stations */,
				625A6C1E276D30FA003A05E7 /* StationBuilder */,
			);
			path = PreviousVersion;
			sourceTree = "<group>";
		};
		62141FC527F0F0F70055783D /* Launch */ = {
			isa = PBXGroup;
			children = (
				623B99EA276AC4F0004C17AE /* TopTracksApp.swift */,
				623B9A05276ACF4E004C17AE /* MainView.swift */,
				623B99FD276ACE23004C17AE /* AppleMusicAuthorization */,
				62141FC727F240120055783D /* AppleMusicSubscription */,
				62141FC627F240090055783D /* AppStatus */,
			);
			path = Launch;
			sourceTree = "<group>";
		};
		62141FC627F240090055783D /* AppStatus */ = {
			isa = PBXGroup;
			children = (
				62A6B9CC277621EE009518C5 /* TopTracksStatus.swift */,
			);
			path = AppStatus;
			sourceTree = "<group>";
		};
		62141FC727F240120055783D /* AppleMusicSubscription */ = {
			isa = PBXGroup;
			children = (
				62A5B69227AEB32D0024D2ED /* AppleMusicSubscriptionView.swift */,
			);
			path = AppleMusicSubscription;
			sourceTree = "<group>";
		};
		62141FC827F2529B0055783D /* Station Creation */ = {
			isa = PBXGroup;
			children = (
				62293FF627756FBF00D1A63C /* StationBuildCancellation.swift */,
				62141FCF27F260370055783D /* Top Level */,
				62141FD027F260660055783D /* Chart Creation */,
			);
			path = "Station Creation";
			sourceTree = "<group>";
		};
		62141FCF27F260370055783D /* Top Level */ = {
			isa = PBXGroup;
			children = (
				62141FC927F252D30055783D /* MainStationCreationView.swift */,
				62141FCB27F2543C0055783D /* StationCreationOptionView.swift */,
			);
			path = "Top Level";
			sourceTree = "<group>";
		};
		62141FD027F260660055783D /* Chart Creation */ = {
			isa = PBXGroup;
			children = (
				6296038427F8A42E0024CD79 /* Station Preview */,
				62BFC76C27F6995A0046A47B /* Top Chart Levels */,
				62BFC76D27F6996A0046A47B /* Individual Chart Types */,
				62BFC76E27F6999A0046A47B /* Chart Preview */,
				62BFC76F27F726C10046A47B /* Filling Charts */,
			);
			path = "Chart Creation";
			sourceTree = "<group>";
		};
		62141FD727F32F230055783D /* Apple Music Constants */ = {
			isa = PBXGroup;
			children = (
				62141FD827F33A270055783D /* ChartURLs.swift */,
			);
			path = "Apple Music Constants";
			sourceTree = "<group>";
		};
		62293FF327753D2B00D1A63C /* Support */ = {
			isa = PBXGroup;
			children = (
				6288DAA32770125A00DC6448 /* AppleMusicArtworkDisplayable.swift */,
				6288DAA52770137900DC6448 /* Constants.swift */,
				6288DAA72770145B00DC6448 /* Utilities.swift */,
				62E01D08277A38D90059ED3D /* InstructionView.swift */,
				62356B4B27CA925100BD4E4C /* SettingsView.swift */,
			);
			path = Support;
			sourceTree = "<group>";
		};
		623B99DE276AC4F0004C17AE = {
			isa = PBXGroup;
			children = (
				623B99E9276AC4F0004C17AE /* TopTracks */,
				623B99E8276AC4F0004C17AE /* Products */,
				623CAFA3278CFA6500B8FC48 /* Frameworks */,
			);
			sourceTree = "<group>";
		};
		623B99E8276AC4F0004C17AE /* Products */ = {
			isa = PBXGroup;
			children = (
				623B99E7276AC4F0004C17AE /* TopTracks.app */,
			);
			name = Products;
			sourceTree = "<group>";
		};
		623B99E9276AC4F0004C17AE /* TopTracks */ = {
			isa = PBXGroup;
			children = (
				623CAFA2278CF98000B8FC48 /* TopTracks.entitlements */,
				623CAF9F278C764000B8FC48 /* Info.plist */,
				6269EBE22789290B003E4468 /* Model */,
				62141FC527F0F0F70055783D /* Launch */,
				62141FC827F2529B0055783D /* Station Creation */,
				62141FC427F0E8910055783D /* PreviousVersion */,
				623B99EE276AC4F0004C17AE /* Assets.xcassets */,
				623B99F0276AC4F0004C17AE /* Preview Content */,
				623B9A0F276B7B5F004C17AE /* StationEditorView.swift */,
			);
			path = TopTracks;
			sourceTree = "<group>";
		};
		623B99F0276AC4F0004C17AE /* Preview Content */ = {
			isa = PBXGroup;
			children = (
				623B99F1276AC4F0004C17AE /* Preview Assets.xcassets */,
			);
			path = "Preview Content";
			sourceTree = "<group>";
		};
		623B99FD276ACE23004C17AE /* AppleMusicAuthorization */ = {
			isa = PBXGroup;
			children = (
				623B99FE276ACE85004C17AE /* AppleMusicAuthorizatonView.swift */,
				623B9A00276ACEBC004C17AE /* ReconsiderAppleMusicAuthorizationView.swift */,
				62C16B6F27AC3DE900DC600A /* RestrictedAppleMusicAuthorizationView.swift */,
			);
			path = AppleMusicAuthorization;
			sourceTree = "<group>";
		};
		623CAFA3278CFA6500B8FC48 /* Frameworks */ = {
			isa = PBXGroup;
			children = (
				623CAFA4278CFA6500B8FC48 /* CloudKit.framework */,
			);
			name = Frameworks;
			sourceTree = "<group>";
		};
		623CAFA6278E1E2300B8FC48 /* TopTracksStation */ = {
			isa = PBXGroup;
			children = (
				6269EBEF2789EB43003E4468 /* TopTracksStation+CoreDataClass.swift */,
				6269EBF02789EB43003E4468 /* TopTracksStation+CoreDataProperties.swift */,
				6269EBD027866E68003E4468 /* TopTracksStationInitializers.swift */,
				6220ED52279F142000E1AA2D /* TopTracksStationSongSelector.swift */,
			);
			path = TopTracksStation;
			sourceTree = "<group>";
		};
		623CAFA7278E1E3C00B8FC48 /* TopTracksStack */ = {
			isa = PBXGroup;
			children = (
				6269EBF32789EB43003E4468 /* TopTracksStack+CoreDataClass.swift */,
				6269EBF42789EB43003E4468 /* TopTracksStack+CoreDataProperties.swift */,
				6269EBD427866EA1003E4468 /* TopTracksStackInitializers.swift */,
			);
			path = TopTracksStack;
			sourceTree = "<group>";
		};
		623CAFA8278E1E5300B8FC48 /* TopTracksSong */ = {
			isa = PBXGroup;
			children = (
				6269EBF12789EB43003E4468 /* TopTracksSong+CoreDataClass.swift */,
				6269EBF22789EB43003E4468 /* TopTracksSong+CoreDataProperties.swift */,
				6269EBD227866E8A003E4468 /* TopTracksSongInitializers.swift */,
			);
			path = TopTracksSong;
			sourceTree = "<group>";
		};
		625A6C1B276D264A003A05E7 /* Clocks and Rotation Categories */ = {
			isa = PBXGroup;
			children = (
				6230D37F27BB2473007F9C85 /* ClockAndLegendView.swift */,
				623CAFB7278F077600B8FC48 /* RotationClock.swift */,
				625A6C21276D3544003A05E7 /* ClockView.swift */,
				625A6C1F276D352E003A05E7 /* ClockSegmentView.swift */,
				625A6C1C276D28F8003A05E7 /* RotationCategory.swift */,
				625A6C23276D3DFD003A05E7 /* Hour.swift */,
				62E01D0B277A4C340059ED3D /* ClockLegendView.swift */,
				6272B82027C6994A00840198 /* CategoryRepeatView.swift */,
			);
			path = "Clocks and Rotation Categories";
			sourceTree = "<group>";
		};
		625A6C1E276D30FA003A05E7 /* StationBuilder */ = {
			isa = PBXGroup;
			children = (
				623B9A0D276B797E004C17AE /* StationBuilderView.swift */,
			);
			path = StationBuilder;
			sourceTree = "<group>";
		};
		62645A7D27B58DA300DA06A6 /* TopTracksArchivedStation */ = {
			isa = PBXGroup;
			children = (
				62645A7E27B58EA400DA06A6 /* TopTracksArchivedStation+CoreDataClass.swift */,
				62645A7F27B58EA400DA06A6 /* TopTracksArchivedStation+CoreDataProperties.swift */,
			);
			path = TopTracksArchivedStation;
			sourceTree = "<group>";
		};
		6269EBBD278263CC003E4468 /* New Station Track Selection */ = {
			isa = PBXGroup;
			children = (
			);
			path = "New Station Track Selection";
			sourceTree = "<group>";
		};
		6269EBE22789290B003E4468 /* Model */ = {
			isa = PBXGroup;
			children = (
				62141FD727F32F230055783D /* Apple Music Constants */,
				623B99F3276AC4F0004C17AE /* Persistence.swift */,
				6246FA2C27B1BB3B0074DD26 /* TopTracks.xcdatamodeld */,
				623CAFA6278E1E2300B8FC48 /* TopTracksStation */,
				623CAFA7278E1E3C00B8FC48 /* TopTracksStack */,
				623CAFA8278E1E5300B8FC48 /* TopTracksSong */,
				62645A7D27B58DA300DA06A6 /* TopTracksArchivedStation */,
				62141FCD27F2548B0055783D /* TopTracksStationType.swift */,
				62141FD327F260D40055783D /* TopTracksChartType.swift */,
			);
			path = Model;
			sourceTree = "<group>";
		};
		6272B82227C6A08400840198 /* Station Creation Flow */ = {
			isa = PBXGroup;
			children = (
				6272B82327C6A11300840198 /* StationCreationOverview.swift */,
				62F13BE3276E26B60096FDAF /* AppleMusicCategoryChooserView.swift */,
				6288DA9D276FA51100DC6448 /* AppleMusicPlaylistsInCategoryChooserView.swift */,
				62CCE1C327B01E4900A710D5 /* MusicTestView.swift */,
				627DA81C27C9B71D004DFB2D /* StandardStackRefinementView.swift */,
				627DA81A27C9375D004DFB2D /* SpiceListRefinementView.swift */,
				627DA81627C9312C004DFB2D /* StationCreationView.swift */,
			);
			path = "Station Creation Flow";
			sourceTree = "<group>";
		};
		6288DA9A276F72CF00DC6448 /* Stations */ = {
			isa = PBXGroup;
			children = (
				623B9A0B276B796C004C17AE /* StationListView.swift */,
				623CAF9D278B62B700B8FC48 /* StationView.swift */,
				6220ED50279F0C3500E1AA2D /* SongSelector.swift */,
				62645A8227B8022300DA06A6 /* SystemVolumeSlider.swift */,
				62645A8427B80A3E00DA06A6 /* SongScrubberView.swift */,
				62A0A7C027B93CDB00D4C067 /* StationBillboardView.swift */,
			);
			path = Stations;
			sourceTree = "<group>";
		};
		6296038427F8A42E0024CD79 /* Station Preview */ = {
			isa = PBXGroup;
			children = (
				6296038027F88E0E0024CD79 /* StationSongsPreview.swift */,
				6296038527F8A4470024CD79 /* StationSongPreview.swift */,
				6296038727F8B6340024CD79 /* StationSongPreviewPlayer.swift */,
			);
			path = "Station Preview";
			sourceTree = "<group>";
		};
		62AF079527C6E48600A2D5D1 /* Apple Music Categories */ = {
			isa = PBXGroup;
			children = (
				623B9A09276B7767004C17AE /* AppleMusicCategory.swift */,
			);
			path = "Apple Music Categories";
			sourceTree = "<group>";
		};
		62AF079827C6E94A00A2D5D1 /* Music Test */ = {
			isa = PBXGroup;
			children = (
				62AF079B27C6F76300A2D5D1 /* MusicTestOverview.swift */,
				62AF079D27C725D100A2D5D1 /* MusicTestSongs.swift */,
				62AF079F27C7271000A2D5D1 /* MusicTestResult.swift */,
				62AF07A127C72EC500A2D5D1 /* SongArtAndInfoView.swift */,
				62AF07A327C73C0D00A2D5D1 /* MusicTestSongRatingView.swift */,
				62AF07A527C7C46800A2D5D1 /* MusicTestPreviewPlayer.swift */,
			);
			path = "Music Test";
			sourceTree = "<group>";
		};
		62BFC76C27F6995A0046A47B /* Top Chart Levels */ = {
			isa = PBXGroup;
			children = (
				62141FD127F260980055783D /* ChartTypeSelectionView.swift */,
				62141FD527F263930055783D /* ChartCreationOptionView.swift */,
			);
			path = "Top Chart Levels";
			sourceTree = "<group>";
		};
		62BFC76D27F6996A0046A47B /* Individual Chart Types */ = {
			isa = PBXGroup;
			children = (
				62CA9D7C27F47D550092B3F0 /* ChartsForType.swift */,
				62CA9D7E27F4C9630092B3F0 /* ChartListingsView.swift */,
				62BFC76A27F5EB700046A47B /* GenresListingView.swift */,
			);
			path = "Individual Chart Types";
			sourceTree = "<group>";
		};
		62BFC76E27F6999A0046A47B /* Chart Preview */ = {
			isa = PBXGroup;
			children = (
				6296037C27F7E91C0024CD79 /* ChartStationPreviewForPlaylist.swift */,
				6296038227F89AD80024CD79 /* ChartStationPreviewForGenre.swift */,
			);
			path = "Chart Preview";
			sourceTree = "<group>";
		};
		62BFC76F27F726C10046A47B /* Filling Charts */ = {
			isa = PBXGroup;
			children = (
				6296037827F73BCD0024CD79 /* ChartStationFiller.swift */,
				6296037E27F871DD0024CD79 /* SongInCategory.swift */,
			);
			path = "Filling Charts";
			sourceTree = "<group>";
		};
		62EE517D27C814C600B56781 /* Station Adjustments */ = {
			isa = PBXGroup;
			children = (
				62EE517E27C8150A00B56781 /* AdjustSongListView.swift */,
			);
			path = "Station Adjustments";
			sourceTree = "<group>";
		};
/* End PBXGroup section */

/* Begin PBXNativeTarget section */
		623B99E6276AC4F0004C17AE /* TopTracks */ = {
			isa = PBXNativeTarget;
			buildConfigurationList = 623B99FA276AC4F0004C17AE /* Build configuration list for PBXNativeTarget "TopTracks" */;
			buildPhases = (
				623B99E3276AC4F0004C17AE /* Sources */,
				623B99E4276AC4F0004C17AE /* Frameworks */,
				623B99E5276AC4F0004C17AE /* Resources */,
			);
			buildRules = (
			);
			dependencies = (
			);
			name = TopTracks;
			productName = TopTracks;
			productReference = 623B99E7276AC4F0004C17AE /* TopTracks.app */;
			productType = "com.apple.product-type.application";
		};
/* End PBXNativeTarget section */

/* Begin PBXProject section */
		623B99DF276AC4F0004C17AE /* Project object */ = {
			isa = PBXProject;
			attributes = {
				BuildIndependentTargetsInParallel = 1;
				LastSwiftUpdateCheck = 1320;
				LastUpgradeCheck = 1320;
				TargetAttributes = {
					623B99E6276AC4F0004C17AE = {
						CreatedOnToolsVersion = 13.2;
					};
				};
			};
			buildConfigurationList = 623B99E2276AC4F0004C17AE /* Build configuration list for PBXProject "TopTracks" */;
			compatibilityVersion = "Xcode 13.0";
			developmentRegion = en;
			hasScannedForEncodings = 0;
			knownRegions = (
				en,
				Base,
			);
			mainGroup = 623B99DE276AC4F0004C17AE;
			productRefGroup = 623B99E8276AC4F0004C17AE /* Products */;
			projectDirPath = "";
			projectRoot = "";
			targets = (
				623B99E6276AC4F0004C17AE /* TopTracks */,
			);
		};
/* End PBXProject section */

/* Begin PBXResourcesBuildPhase section */
		623B99E5276AC4F0004C17AE /* Resources */ = {
			isa = PBXResourcesBuildPhase;
			buildActionMask = 2147483647;
			files = (
				623B99F2276AC4F0004C17AE /* Preview Assets.xcassets in Resources */,
				623B99EF276AC4F0004C17AE /* Assets.xcassets in Resources */,
			);
			runOnlyForDeploymentPostprocessing = 0;
		};
/* End PBXResourcesBuildPhase section */

/* Begin PBXSourcesBuildPhase section */
		623B99E3276AC4F0004C17AE /* Sources */ = {
			isa = PBXSourcesBuildPhase;
			buildActionMask = 2147483647;
			files = (
				6269EBF72789EB43003E4468 /* TopTracksSong+CoreDataClass.swift in Sources */,
				6296038827F8B6340024CD79 /* StationSongPreviewPlayer.swift in Sources */,
				62EE517F27C8150A00B56781 /* AdjustSongListView.swift in Sources */,
				62BFC76B27F5EB700046A47B /* GenresListingView.swift in Sources */,
				620DAA9C27823C3B007F1B56 /* AppleMusicPlaylistBillboard.swift in Sources */,
				627DA81D27C9B71D004DFB2D /* StandardStackRefinementView.swift in Sources */,
				62645A8327B8022300DA06A6 /* SystemVolumeSlider.swift in Sources */,
				62645A8527B80A3E00DA06A6 /* SongScrubberView.swift in Sources */,
				6296037F27F871DD0024CD79 /* SongInCategory.swift in Sources */,
				6230D38027BB2473007F9C85 /* ClockAndLegendView.swift in Sources */,
				6220ED53279F142000E1AA2D /* TopTracksStationSongSelector.swift in Sources */,
				6220ED51279F0C3500E1AA2D /* SongSelector.swift in Sources */,
				62AF07A027C7271000A2D5D1 /* MusicTestResult.swift in Sources */,
				627DA81727C9312C004DFB2D /* StationCreationView.swift in Sources */,
				62AF079E27C725D100A2D5D1 /* MusicTestSongs.swift in Sources */,
				623B99F4276AC4F0004C17AE /* Persistence.swift in Sources */,
				6288DAA62770137900DC6448 /* Constants.swift in Sources */,
				62A0A7C127B93CDB00D4C067 /* StationBillboardView.swift in Sources */,
				6269EBF52789EB43003E4468 /* TopTracksStation+CoreDataClass.swift in Sources */,
				62141FD227F260980055783D /* ChartTypeSelectionView.swift in Sources */,
				62141FD627F263930055783D /* ChartCreationOptionView.swift in Sources */,
				62C16B7027AC3DE900DC600A /* RestrictedAppleMusicAuthorizationView.swift in Sources */,
				623CAF9E278B62B700B8FC48 /* StationView.swift in Sources */,
				6288DA9E276FA51100DC6448 /* AppleMusicPlaylistsInCategoryChooserView.swift in Sources */,
				62645A8027B58EA400DA06A6 /* TopTracksArchivedStation+CoreDataClass.swift in Sources */,
				623B9A0C276B796C004C17AE /* StationListView.swift in Sources */,
				62356B4C27CA925100BD4E4C /* SettingsView.swift in Sources */,
				6296038127F88E0E0024CD79 /* StationSongsPreview.swift in Sources */,
				62645A8127B58EA400DA06A6 /* TopTracksArchivedStation+CoreDataProperties.swift in Sources */,
				62AF079C27C6F76300A2D5D1 /* MusicTestOverview.swift in Sources */,
				62CA9D7D27F47D550092B3F0 /* ChartsForType.swift in Sources */,
				62141FCE27F2548B0055783D /* TopTracksStationType.swift in Sources */,
				62F13BE4276E26B60096FDAF /* AppleMusicCategoryChooserView.swift in Sources */,
				623B9A06276ACF4E004C17AE /* MainView.swift in Sources */,
				623B9A10276B7B5F004C17AE /* StationEditorView.swift in Sources */,
				62E01D12277A7C2F0059ED3D /* AppleMusicPlaylistFeaturedArtistView.swift in Sources */,
				62141FCC27F2543C0055783D /* StationCreationOptionView.swift in Sources */,
				6269EBD327866E8A003E4468 /* TopTracksSongInitializers.swift in Sources */,
				6269EBF62789EB43003E4468 /* TopTracksStation+CoreDataProperties.swift in Sources */,
				625A6C1D276D28F8003A05E7 /* RotationCategory.swift in Sources */,
				6269EBD527866EA1003E4468 /* TopTracksStackInitializers.swift in Sources */,
				62CA9D7F27F4C9630092B3F0 /* ChartListingsView.swift in Sources */,
				6288DAA0276FA59C00DC6448 /* AppleMusicPlaylistsInCategory.swift in Sources */,
				62E01D09277A38D90059ED3D /* InstructionView.swift in Sources */,
				620DAA9827822E08007F1B56 /* AppleMusicPlaylistArtworkView.swift in Sources */,
				6296038327F89AD80024CD79 /* ChartStationPreviewForGenre.swift in Sources */,
				62293FF727756FBF00D1A63C /* StationBuildCancellation.swift in Sources */,
				627DA81B27C9375D004DFB2D /* SpiceListRefinementView.swift in Sources */,
				620DAA9A27823A91007F1B56 /* AppleMusicPlaylistBillboardView.swift in Sources */,
				62A5B69327AEB32D0024D2ED /* AppleMusicSubscriptionView.swift in Sources */,
				625A6C24276D3DFD003A05E7 /* Hour.swift in Sources */,
				62AF07A427C73C0D00A2D5D1 /* MusicTestSongRatingView.swift in Sources */,
				6269EBFA2789EB43003E4468 /* TopTracksStack+CoreDataProperties.swift in Sources */,
				62CCE1C427B01E4900A710D5 /* MusicTestView.swift in Sources */,
				62141FD427F260D40055783D /* TopTracksChartType.swift in Sources */,
				6288DAA82770145B00DC6448 /* Utilities.swift in Sources */,
				62E01D0C277A4C340059ED3D /* ClockLegendView.swift in Sources */,
				623B9A0E276B797E004C17AE /* StationBuilderView.swift in Sources */,
				62AF07A227C72EC500A2D5D1 /* SongArtAndInfoView.swift in Sources */,
				62141FCA27F252D30055783D /* MainStationCreationView.swift in Sources */,
				623CAFB8278F077600B8FC48 /* RotationClock.swift in Sources */,
				625A6C22276D3544003A05E7 /* ClockView.swift in Sources */,
				623B9A0A276B7767004C17AE /* AppleMusicCategory.swift in Sources */,
				62A6B9CD277621EE009518C5 /* TopTracksStatus.swift in Sources */,
				6246FA2E27B1BB3B0074DD26 /* TopTracks.xcdatamodeld in Sources */,
				6296038627F8A4470024CD79 /* StationSongPreview.swift in Sources */,
				6296037927F73BCD0024CD79 /* ChartStationFiller.swift in Sources */,
				6272B82427C6A11300840198 /* StationCreationOverview.swift in Sources */,
				6269EBF92789EB43003E4468 /* TopTracksStack+CoreDataClass.swift in Sources */,
				62141FD927F33A270055783D /* ChartURLs.swift in Sources */,
				623B99EB276AC4F0004C17AE /* TopTracksApp.swift in Sources */,
				623B9A01276ACEBC004C17AE /* ReconsiderAppleMusicAuthorizationView.swift in Sources */,
				6288DAA42770125A00DC6448 /* AppleMusicArtworkDisplayable.swift in Sources */,
				625A6C20276D352E003A05E7 /* ClockSegmentView.swift in Sources */,
				6269EBD127866E68003E4468 /* TopTracksStationInitializers.swift in Sources */,
				6269EBF82789EB43003E4468 /* TopTracksSong+CoreDataProperties.swift in Sources */,
				62AF07A627C7C46800A2D5D1 /* MusicTestPreviewPlayer.swift in Sources */,
				6272B82127C6994A00840198 /* CategoryRepeatView.swift in Sources */,
				6296037D27F7E91C0024CD79 /* ChartStationPreviewForPlaylist.swift in Sources */,
				623B99FF276ACE85004C17AE /* AppleMusicAuthorizatonView.swift in Sources */,
			);
			runOnlyForDeploymentPostprocessing = 0;
		};
/* End PBXSourcesBuildPhase section */

/* Begin XCBuildConfiguration section */
		623B99F8276AC4F0004C17AE /* Debug */ = {
			isa = XCBuildConfiguration;
			buildSettings = {
				ALWAYS_SEARCH_USER_PATHS = NO;
				CLANG_ANALYZER_NONNULL = YES;
				CLANG_ANALYZER_NUMBER_OBJECT_CONVERSION = YES_AGGRESSIVE;
				CLANG_CXX_LANGUAGE_STANDARD = "gnu++17";
				CLANG_CXX_LIBRARY = "libc++";
				CLANG_ENABLE_MODULES = YES;
				CLANG_ENABLE_OBJC_ARC = YES;
				CLANG_ENABLE_OBJC_WEAK = YES;
				CLANG_WARN_BLOCK_CAPTURE_AUTORELEASING = YES;
				CLANG_WARN_BOOL_CONVERSION = YES;
				CLANG_WARN_COMMA = YES;
				CLANG_WARN_CONSTANT_CONVERSION = YES;
				CLANG_WARN_DEPRECATED_OBJC_IMPLEMENTATIONS = YES;
				CLANG_WARN_DIRECT_OBJC_ISA_USAGE = YES_ERROR;
				CLANG_WARN_DOCUMENTATION_COMMENTS = YES;
				CLANG_WARN_EMPTY_BODY = YES;
				CLANG_WARN_ENUM_CONVERSION = YES;
				CLANG_WARN_INFINITE_RECURSION = YES;
				CLANG_WARN_INT_CONVERSION = YES;
				CLANG_WARN_NON_LITERAL_NULL_CONVERSION = YES;
				CLANG_WARN_OBJC_IMPLICIT_RETAIN_SELF = YES;
				CLANG_WARN_OBJC_LITERAL_CONVERSION = YES;
				CLANG_WARN_OBJC_ROOT_CLASS = YES_ERROR;
				CLANG_WARN_QUOTED_INCLUDE_IN_FRAMEWORK_HEADER = YES;
				CLANG_WARN_RANGE_LOOP_ANALYSIS = YES;
				CLANG_WARN_STRICT_PROTOTYPES = YES;
				CLANG_WARN_SUSPICIOUS_MOVE = YES;
				CLANG_WARN_UNGUARDED_AVAILABILITY = YES_AGGRESSIVE;
				CLANG_WARN_UNREACHABLE_CODE = YES;
				CLANG_WARN__DUPLICATE_METHOD_MATCH = YES;
				COPY_PHASE_STRIP = NO;
				DEBUG_INFORMATION_FORMAT = dwarf;
				ENABLE_STRICT_OBJC_MSGSEND = YES;
				ENABLE_TESTABILITY = YES;
				GCC_C_LANGUAGE_STANDARD = gnu11;
				GCC_DYNAMIC_NO_PIC = NO;
				GCC_NO_COMMON_BLOCKS = YES;
				GCC_OPTIMIZATION_LEVEL = 0;
				GCC_PREPROCESSOR_DEFINITIONS = (
					"DEBUG=1",
					"$(inherited)",
				);
				GCC_WARN_64_TO_32_BIT_CONVERSION = YES;
				GCC_WARN_ABOUT_RETURN_TYPE = YES_ERROR;
				GCC_WARN_UNDECLARED_SELECTOR = YES;
				GCC_WARN_UNINITIALIZED_AUTOS = YES_AGGRESSIVE;
				GCC_WARN_UNUSED_FUNCTION = YES;
				GCC_WARN_UNUSED_VARIABLE = YES;
				IPHONEOS_DEPLOYMENT_TARGET = 15.2;
				MTL_ENABLE_DEBUG_INFO = INCLUDE_SOURCE;
				MTL_FAST_MATH = YES;
				ONLY_ACTIVE_ARCH = YES;
				SDKROOT = iphoneos;
				SWIFT_ACTIVE_COMPILATION_CONDITIONS = DEBUG;
				SWIFT_OPTIMIZATION_LEVEL = "-Onone";
			};
			name = Debug;
		};
		623B99F9276AC4F0004C17AE /* Release */ = {
			isa = XCBuildConfiguration;
			buildSettings = {
				ALWAYS_SEARCH_USER_PATHS = NO;
				CLANG_ANALYZER_NONNULL = YES;
				CLANG_ANALYZER_NUMBER_OBJECT_CONVERSION = YES_AGGRESSIVE;
				CLANG_CXX_LANGUAGE_STANDARD = "gnu++17";
				CLANG_CXX_LIBRARY = "libc++";
				CLANG_ENABLE_MODULES = YES;
				CLANG_ENABLE_OBJC_ARC = YES;
				CLANG_ENABLE_OBJC_WEAK = YES;
				CLANG_WARN_BLOCK_CAPTURE_AUTORELEASING = YES;
				CLANG_WARN_BOOL_CONVERSION = YES;
				CLANG_WARN_COMMA = YES;
				CLANG_WARN_CONSTANT_CONVERSION = YES;
				CLANG_WARN_DEPRECATED_OBJC_IMPLEMENTATIONS = YES;
				CLANG_WARN_DIRECT_OBJC_ISA_USAGE = YES_ERROR;
				CLANG_WARN_DOCUMENTATION_COMMENTS = YES;
				CLANG_WARN_EMPTY_BODY = YES;
				CLANG_WARN_ENUM_CONVERSION = YES;
				CLANG_WARN_INFINITE_RECURSION = YES;
				CLANG_WARN_INT_CONVERSION = YES;
				CLANG_WARN_NON_LITERAL_NULL_CONVERSION = YES;
				CLANG_WARN_OBJC_IMPLICIT_RETAIN_SELF = YES;
				CLANG_WARN_OBJC_LITERAL_CONVERSION = YES;
				CLANG_WARN_OBJC_ROOT_CLASS = YES_ERROR;
				CLANG_WARN_QUOTED_INCLUDE_IN_FRAMEWORK_HEADER = YES;
				CLANG_WARN_RANGE_LOOP_ANALYSIS = YES;
				CLANG_WARN_STRICT_PROTOTYPES = YES;
				CLANG_WARN_SUSPICIOUS_MOVE = YES;
				CLANG_WARN_UNGUARDED_AVAILABILITY = YES_AGGRESSIVE;
				CLANG_WARN_UNREACHABLE_CODE = YES;
				CLANG_WARN__DUPLICATE_METHOD_MATCH = YES;
				COPY_PHASE_STRIP = NO;
				DEBUG_INFORMATION_FORMAT = "dwarf-with-dsym";
				ENABLE_NS_ASSERTIONS = NO;
				ENABLE_STRICT_OBJC_MSGSEND = YES;
				GCC_C_LANGUAGE_STANDARD = gnu11;
				GCC_NO_COMMON_BLOCKS = YES;
				GCC_WARN_64_TO_32_BIT_CONVERSION = YES;
				GCC_WARN_ABOUT_RETURN_TYPE = YES_ERROR;
				GCC_WARN_UNDECLARED_SELECTOR = YES;
				GCC_WARN_UNINITIALIZED_AUTOS = YES_AGGRESSIVE;
				GCC_WARN_UNUSED_FUNCTION = YES;
				GCC_WARN_UNUSED_VARIABLE = YES;
				IPHONEOS_DEPLOYMENT_TARGET = 15.2;
				MTL_ENABLE_DEBUG_INFO = NO;
				MTL_FAST_MATH = YES;
				SDKROOT = iphoneos;
				SWIFT_COMPILATION_MODE = wholemodule;
				SWIFT_OPTIMIZATION_LEVEL = "-O";
				VALIDATE_PRODUCT = YES;
			};
			name = Release;
		};
		623B99FB276AC4F0004C17AE /* Debug */ = {
			isa = XCBuildConfiguration;
			buildSettings = {
				ASSETCATALOG_COMPILER_APPICON_NAME = AppIcon;
				ASSETCATALOG_COMPILER_GLOBAL_ACCENT_COLOR_NAME = AccentColor;
				CODE_SIGN_ENTITLEMENTS = TopTracks/TopTracks.entitlements;
				CODE_SIGN_STYLE = Automatic;
				CURRENT_PROJECT_VERSION = 1;
				DEVELOPMENT_ASSET_PATHS = "\"TopTracks/Preview Content\"";
				DEVELOPMENT_TEAM = MG5SW9CY8D;
				ENABLE_PREVIEWS = YES;
				GENERATE_INFOPLIST_FILE = YES;
				INFOPLIST_FILE = TopTracks/Info.plist;
				INFOPLIST_KEY_CFBundleDisplayName = "Top Tracks";
				INFOPLIST_KEY_LSApplicationCategoryType = "";
				INFOPLIST_KEY_NSAppleMusicUsageDescription = "TopTracks uses Music to search for and play the tunes in your custom stations.";
				INFOPLIST_KEY_UIApplicationSceneManifest_Generation = YES;
				INFOPLIST_KEY_UIApplicationSupportsIndirectInputEvents = YES;
				INFOPLIST_KEY_UILaunchScreen_Generation = YES;
				INFOPLIST_KEY_UISupportedInterfaceOrientations = UIInterfaceOrientationPortrait;
				INFOPLIST_KEY_UISupportedInterfaceOrientations_iPad = "UIInterfaceOrientationPortrait UIInterfaceOrientationPortraitUpsideDown UIInterfaceOrientationLandscapeLeft UIInterfaceOrientationLandscapeRight";
				INFOPLIST_KEY_UISupportedInterfaceOrientations_iPhone = UIInterfaceOrientationPortrait;
				IPHONEOS_DEPLOYMENT_TARGET = 15.2;
				LD_RUNPATH_SEARCH_PATHS = (
					"$(inherited)",
					"@executable_path/Frameworks",
				);
				MARKETING_VERSION = 1.0;
				PRODUCT_BUNDLE_IDENTIFIER = com.dimsumthinking.TopTracks;
				PRODUCT_NAME = "$(TARGET_NAME)";
				SWIFT_EMIT_LOC_STRINGS = YES;
				SWIFT_VERSION = 5.0;
				TARGETED_DEVICE_FAMILY = "1,2";
			};
			name = Debug;
		};
		623B99FC276AC4F0004C17AE /* Release */ = {
			isa = XCBuildConfiguration;
			buildSettings = {
				ASSETCATALOG_COMPILER_APPICON_NAME = AppIcon;
				ASSETCATALOG_COMPILER_GLOBAL_ACCENT_COLOR_NAME = AccentColor;
				CODE_SIGN_ENTITLEMENTS = TopTracks/TopTracks.entitlements;
				CODE_SIGN_STYLE = Automatic;
				CURRENT_PROJECT_VERSION = 1;
				DEVELOPMENT_ASSET_PATHS = "\"TopTracks/Preview Content\"";
				DEVELOPMENT_TEAM = MG5SW9CY8D;
				ENABLE_PREVIEWS = YES;
				GENERATE_INFOPLIST_FILE = YES;
				INFOPLIST_FILE = TopTracks/Info.plist;
				INFOPLIST_KEY_CFBundleDisplayName = "Top Tracks";
				INFOPLIST_KEY_LSApplicationCategoryType = "";
				INFOPLIST_KEY_NSAppleMusicUsageDescription = "TopTracks uses Music to search for and play the tunes in your custom stations.";
				INFOPLIST_KEY_UIApplicationSceneManifest_Generation = YES;
				INFOPLIST_KEY_UIApplicationSupportsIndirectInputEvents = YES;
				INFOPLIST_KEY_UILaunchScreen_Generation = YES;
				INFOPLIST_KEY_UISupportedInterfaceOrientations = UIInterfaceOrientationPortrait;
				INFOPLIST_KEY_UISupportedInterfaceOrientations_iPad = "UIInterfaceOrientationPortrait UIInterfaceOrientationPortraitUpsideDown UIInterfaceOrientationLandscapeLeft UIInterfaceOrientationLandscapeRight";
				INFOPLIST_KEY_UISupportedInterfaceOrientations_iPhone = UIInterfaceOrientationPortrait;
				IPHONEOS_DEPLOYMENT_TARGET = 15.2;
				LD_RUNPATH_SEARCH_PATHS = (
					"$(inherited)",
					"@executable_path/Frameworks",
				);
				MARKETING_VERSION = 1.0;
				PRODUCT_BUNDLE_IDENTIFIER = com.dimsumthinking.TopTracks;
				PRODUCT_NAME = "$(TARGET_NAME)";
				SWIFT_EMIT_LOC_STRINGS = YES;
				SWIFT_VERSION = 5.0;
				TARGETED_DEVICE_FAMILY = "1,2";
			};
			name = Release;
		};
/* End XCBuildConfiguration section */

/* Begin XCConfigurationList section */
		623B99E2276AC4F0004C17AE /* Build configuration list for PBXProject "TopTracks" */ = {
			isa = XCConfigurationList;
			buildConfigurations = (
				623B99F8276AC4F0004C17AE /* Debug */,
				623B99F9276AC4F0004C17AE /* Release */,
			);
			defaultConfigurationIsVisible = 0;
			defaultConfigurationName = Release;
		};
		623B99FA276AC4F0004C17AE /* Build configuration list for PBXNativeTarget "TopTracks" */ = {
			isa = XCConfigurationList;
			buildConfigurations = (
				623B99FB276AC4F0004C17AE /* Debug */,
				623B99FC276AC4F0004C17AE /* Release */,
			);
			defaultConfigurationIsVisible = 0;
			defaultConfigurationName = Release;
		};
/* End XCConfigurationList section */

/* Begin XCVersionGroup section */
		6246FA2C27B1BB3B0074DD26 /* TopTracks.xcdatamodeld */ = {
			isa = XCVersionGroup;
			children = (
				6246FA2D27B1BB3B0074DD26 /* TopTracks.xcdatamodel */,
			);
			currentVersion = 6246FA2D27B1BB3B0074DD26 /* TopTracks.xcdatamodel */;
			name = TopTracks.xcdatamodeld;
			path = "../../../../Downloads/TopTracks-main/TopTracks/Model/TopTracks.xcdatamodeld";
			sourceTree = "<group>";
			versionGroupType = wrapper.xcdatamodel;
		};
/* End XCVersionGroup section */
	};
	rootObject = 623B99DF276AC4F0004C17AE /* Project object */;
}
